// !$*UTF8*$!
{
	archiveVersion = 1;
	classes = {
	};
	objectVersion = 55;
	objects = {

/* Begin PBXBuildFile section */
		5145B9CF247FDEE15D401A1B /* libPods-Posterr.a in Frameworks */ = {isa = PBXBuildFile; fileRef = D1DB91AA84ECAC0FC0D4A324 /* libPods-Posterr.a */; };
		55EB7CAB1FB884ECA1C7D659 /* libPods-PosterrTests.a in Frameworks */ = {isa = PBXBuildFile; fileRef = 5CE34C33B026AE3318325C8E /* libPods-PosterrTests.a */; };
		7674550F28B6FBEA00CC1F21 /* AppDelegate.swift in Sources */ = {isa = PBXBuildFile; fileRef = 7674550E28B6FBEA00CC1F21 /* AppDelegate.swift */; };
		7674551128B6FBEA00CC1F21 /* SceneDelegate.swift in Sources */ = {isa = PBXBuildFile; fileRef = 7674551028B6FBEA00CC1F21 /* SceneDelegate.swift */; };
		7674551828B6FBEC00CC1F21 /* Assets.xcassets in Resources */ = {isa = PBXBuildFile; fileRef = 7674551728B6FBEC00CC1F21 /* Assets.xcassets */; };
		7674552628B6FBEC00CC1F21 /* PosterrTests.swift in Sources */ = {isa = PBXBuildFile; fileRef = 7674552528B6FBEC00CC1F21 /* PosterrTests.swift */; };
		7674553028B6FBEC00CC1F21 /* PosterrUITests.swift in Sources */ = {isa = PBXBuildFile; fileRef = 7674552F28B6FBEC00CC1F21 /* PosterrUITests.swift */; };
		7674553228B6FBEC00CC1F21 /* PosterrUITestsLaunchTests.swift in Sources */ = {isa = PBXBuildFile; fileRef = 7674553128B6FBEC00CC1F21 /* PosterrUITestsLaunchTests.swift */; };
		7674555828B7021200CC1F21 /* PSUserProfileViewController.swift in Sources */ = {isa = PBXBuildFile; fileRef = 7674555528B7021200CC1F21 /* PSUserProfileViewController.swift */; };
		7674555928B7021200CC1F21 /* PSUserProfileViewModel.swift in Sources */ = {isa = PBXBuildFile; fileRef = 7674555628B7021200CC1F21 /* PSUserProfileViewModel.swift */; };
		7674555A28B7021200CC1F21 /* PSUserProfileProtocol.swift in Sources */ = {isa = PBXBuildFile; fileRef = 7674555728B7021200CC1F21 /* PSUserProfileProtocol.swift */; };
		7674555C28B7021800CC1F21 /* PSUserProfileViewEntity.swift in Sources */ = {isa = PBXBuildFile; fileRef = 7674555B28B7021800CC1F21 /* PSUserProfileViewEntity.swift */; };
		7674555F28B7021D00CC1F21 /* PSUserProfileView.swift in Sources */ = {isa = PBXBuildFile; fileRef = 7674555D28B7021D00CC1F21 /* PSUserProfileView.swift */; };
		7674556028B7021D00CC1F21 /* PSUserProfileViewProtocol.swift in Sources */ = {isa = PBXBuildFile; fileRef = 7674555E28B7021D00CC1F21 /* PSUserProfileViewProtocol.swift */; };
		7674556428B7022800CC1F21 /* PSHomeViewController.swift in Sources */ = {isa = PBXBuildFile; fileRef = 7674556128B7022800CC1F21 /* PSHomeViewController.swift */; };
		7674556528B7022800CC1F21 /* PSHomeProtocol.swift in Sources */ = {isa = PBXBuildFile; fileRef = 7674556228B7022800CC1F21 /* PSHomeProtocol.swift */; };
		7674556628B7022800CC1F21 /* PSHomeViewModel.swift in Sources */ = {isa = PBXBuildFile; fileRef = 7674556328B7022800CC1F21 /* PSHomeViewModel.swift */; };
		7674556828B7022E00CC1F21 /* PSHomeViewEntity.swift in Sources */ = {isa = PBXBuildFile; fileRef = 7674556728B7022E00CC1F21 /* PSHomeViewEntity.swift */; };
		7674556B28B7023300CC1F21 /* PSHomeViewProtocol.swift in Sources */ = {isa = PBXBuildFile; fileRef = 7674556928B7023300CC1F21 /* PSHomeViewProtocol.swift */; };
		7674556C28B7023300CC1F21 /* PSHomeView.swift in Sources */ = {isa = PBXBuildFile; fileRef = 7674556A28B7023300CC1F21 /* PSHomeView.swift */; };
		F61767888BCF1C581DE69853 /* libPods-PosterrUITests.a in Frameworks */ = {isa = PBXBuildFile; fileRef = 96E0DE7C3074C56407CD9D80 /* libPods-PosterrUITests.a */; };
/* End PBXBuildFile section */

/* Begin PBXContainerItemProxy section */
		7674552228B6FBEC00CC1F21 /* PBXContainerItemProxy */ = {
			isa = PBXContainerItemProxy;
			containerPortal = 7674550328B6FBEA00CC1F21 /* Project object */;
			proxyType = 1;
			remoteGlobalIDString = 7674550A28B6FBEA00CC1F21;
			remoteInfo = Posterr;
		};
		7674552C28B6FBEC00CC1F21 /* PBXContainerItemProxy */ = {
			isa = PBXContainerItemProxy;
			containerPortal = 7674550328B6FBEA00CC1F21 /* Project object */;
			proxyType = 1;
			remoteGlobalIDString = 7674550A28B6FBEA00CC1F21;
			remoteInfo = Posterr;
		};
/* End PBXContainerItemProxy section */

/* Begin PBXFileReference section */
		06123743F12346F5C922E47C /* Pods-PosterrTests.debug.xcconfig */ = {isa = PBXFileReference; includeInIndex = 1; lastKnownFileType = text.xcconfig; name = "Pods-PosterrTests.debug.xcconfig"; path = "Target Support Files/Pods-PosterrTests/Pods-PosterrTests.debug.xcconfig"; sourceTree = "<group>"; };
		148EDCD6E90DD60650804B61 /* Pods-Posterr.debug.xcconfig */ = {isa = PBXFileReference; includeInIndex = 1; lastKnownFileType = text.xcconfig; name = "Pods-Posterr.debug.xcconfig"; path = "Target Support Files/Pods-Posterr/Pods-Posterr.debug.xcconfig"; sourceTree = "<group>"; };
		260B56FC0E836241988A9B39 /* Pods-PosterrTests.release.xcconfig */ = {isa = PBXFileReference; includeInIndex = 1; lastKnownFileType = text.xcconfig; name = "Pods-PosterrTests.release.xcconfig"; path = "Target Support Files/Pods-PosterrTests/Pods-PosterrTests.release.xcconfig"; sourceTree = "<group>"; };
		5CE34C33B026AE3318325C8E /* libPods-PosterrTests.a */ = {isa = PBXFileReference; explicitFileType = archive.ar; includeInIndex = 0; path = "libPods-PosterrTests.a"; sourceTree = BUILT_PRODUCTS_DIR; };
		7674550B28B6FBEA00CC1F21 /* Posterr.app */ = {isa = PBXFileReference; explicitFileType = wrapper.application; includeInIndex = 0; path = Posterr.app; sourceTree = BUILT_PRODUCTS_DIR; };
		7674550E28B6FBEA00CC1F21 /* AppDelegate.swift */ = {isa = PBXFileReference; lastKnownFileType = sourcecode.swift; path = AppDelegate.swift; sourceTree = "<group>"; };
		7674551028B6FBEA00CC1F21 /* SceneDelegate.swift */ = {isa = PBXFileReference; lastKnownFileType = sourcecode.swift; path = SceneDelegate.swift; sourceTree = "<group>"; };
		7674551728B6FBEC00CC1F21 /* Assets.xcassets */ = {isa = PBXFileReference; lastKnownFileType = folder.assetcatalog; path = Assets.xcassets; sourceTree = "<group>"; };
		7674551C28B6FBEC00CC1F21 /* Info.plist */ = {isa = PBXFileReference; lastKnownFileType = text.plist.xml; path = Info.plist; sourceTree = "<group>"; };
		7674552128B6FBEC00CC1F21 /* PosterrTests.xctest */ = {isa = PBXFileReference; explicitFileType = wrapper.cfbundle; includeInIndex = 0; path = PosterrTests.xctest; sourceTree = BUILT_PRODUCTS_DIR; };
		7674552528B6FBEC00CC1F21 /* PosterrTests.swift */ = {isa = PBXFileReference; lastKnownFileType = sourcecode.swift; path = PosterrTests.swift; sourceTree = "<group>"; };
		7674552B28B6FBEC00CC1F21 /* PosterrUITests.xctest */ = {isa = PBXFileReference; explicitFileType = wrapper.cfbundle; includeInIndex = 0; path = PosterrUITests.xctest; sourceTree = BUILT_PRODUCTS_DIR; };
		7674552F28B6FBEC00CC1F21 /* PosterrUITests.swift */ = {isa = PBXFileReference; lastKnownFileType = sourcecode.swift; path = PosterrUITests.swift; sourceTree = "<group>"; };
		7674553128B6FBEC00CC1F21 /* PosterrUITestsLaunchTests.swift */ = {isa = PBXFileReference; lastKnownFileType = sourcecode.swift; path = PosterrUITestsLaunchTests.swift; sourceTree = "<group>"; };
		7674555528B7021200CC1F21 /* PSUserProfileViewController.swift */ = {isa = PBXFileReference; fileEncoding = 4; lastKnownFileType = sourcecode.swift; path = PSUserProfileViewController.swift; sourceTree = "<group>"; };
		7674555628B7021200CC1F21 /* PSUserProfileViewModel.swift */ = {isa = PBXFileReference; fileEncoding = 4; lastKnownFileType = sourcecode.swift; path = PSUserProfileViewModel.swift; sourceTree = "<group>"; };
		7674555728B7021200CC1F21 /* PSUserProfileProtocol.swift */ = {isa = PBXFileReference; fileEncoding = 4; lastKnownFileType = sourcecode.swift; path = PSUserProfileProtocol.swift; sourceTree = "<group>"; };
		7674555B28B7021800CC1F21 /* PSUserProfileViewEntity.swift */ = {isa = PBXFileReference; fileEncoding = 4; lastKnownFileType = sourcecode.swift; path = PSUserProfileViewEntity.swift; sourceTree = "<group>"; };
		7674555D28B7021D00CC1F21 /* PSUserProfileView.swift */ = {isa = PBXFileReference; fileEncoding = 4; lastKnownFileType = sourcecode.swift; path = PSUserProfileView.swift; sourceTree = "<group>"; };
		7674555E28B7021D00CC1F21 /* PSUserProfileViewProtocol.swift */ = {isa = PBXFileReference; fileEncoding = 4; lastKnownFileType = sourcecode.swift; path = PSUserProfileViewProtocol.swift; sourceTree = "<group>"; };
		7674556128B7022800CC1F21 /* PSHomeViewController.swift */ = {isa = PBXFileReference; fileEncoding = 4; lastKnownFileType = sourcecode.swift; path = PSHomeViewController.swift; sourceTree = "<group>"; };
		7674556228B7022800CC1F21 /* PSHomeProtocol.swift */ = {isa = PBXFileReference; fileEncoding = 4; lastKnownFileType = sourcecode.swift; path = PSHomeProtocol.swift; sourceTree = "<group>"; };
		7674556328B7022800CC1F21 /* PSHomeViewModel.swift */ = {isa = PBXFileReference; fileEncoding = 4; lastKnownFileType = sourcecode.swift; path = PSHomeViewModel.swift; sourceTree = "<group>"; };
		7674556728B7022E00CC1F21 /* PSHomeViewEntity.swift */ = {isa = PBXFileReference; fileEncoding = 4; lastKnownFileType = sourcecode.swift; path = PSHomeViewEntity.swift; sourceTree = "<group>"; };
		7674556928B7023300CC1F21 /* PSHomeViewProtocol.swift */ = {isa = PBXFileReference; fileEncoding = 4; lastKnownFileType = sourcecode.swift; path = PSHomeViewProtocol.swift; sourceTree = "<group>"; };
		7674556A28B7023300CC1F21 /* PSHomeView.swift */ = {isa = PBXFileReference; fileEncoding = 4; lastKnownFileType = sourcecode.swift; path = PSHomeView.swift; sourceTree = "<group>"; };
		7A5802BA81B8C861BDFF54F3 /* Pods-PosterrUITests.debug.xcconfig */ = {isa = PBXFileReference; includeInIndex = 1; lastKnownFileType = text.xcconfig; name = "Pods-PosterrUITests.debug.xcconfig"; path = "Target Support Files/Pods-PosterrUITests/Pods-PosterrUITests.debug.xcconfig"; sourceTree = "<group>"; };
		96E0DE7C3074C56407CD9D80 /* libPods-PosterrUITests.a */ = {isa = PBXFileReference; explicitFileType = archive.ar; includeInIndex = 0; path = "libPods-PosterrUITests.a"; sourceTree = BUILT_PRODUCTS_DIR; };
		D1DB91AA84ECAC0FC0D4A324 /* libPods-Posterr.a */ = {isa = PBXFileReference; explicitFileType = archive.ar; includeInIndex = 0; path = "libPods-Posterr.a"; sourceTree = BUILT_PRODUCTS_DIR; };
		DDE7193FA7BE69730662D366 /* Pods-Posterr.release.xcconfig */ = {isa = PBXFileReference; includeInIndex = 1; lastKnownFileType = text.xcconfig; name = "Pods-Posterr.release.xcconfig"; path = "Target Support Files/Pods-Posterr/Pods-Posterr.release.xcconfig"; sourceTree = "<group>"; };
		F9A62968B99C2F9BCB6AD6EF /* Pods-PosterrUITests.release.xcconfig */ = {isa = PBXFileReference; includeInIndex = 1; lastKnownFileType = text.xcconfig; name = "Pods-PosterrUITests.release.xcconfig"; path = "Target Support Files/Pods-PosterrUITests/Pods-PosterrUITests.release.xcconfig"; sourceTree = "<group>"; };
/* End PBXFileReference section */

/* Begin PBXFrameworksBuildPhase section */
		7674550828B6FBEA00CC1F21 /* Frameworks */ = {
			isa = PBXFrameworksBuildPhase;
			buildActionMask = 2147483647;
			files = (
				5145B9CF247FDEE15D401A1B /* libPods-Posterr.a in Frameworks */,
			);
			runOnlyForDeploymentPostprocessing = 0;
		};
		7674551E28B6FBEC00CC1F21 /* Frameworks */ = {
			isa = PBXFrameworksBuildPhase;
			buildActionMask = 2147483647;
			files = (
				55EB7CAB1FB884ECA1C7D659 /* libPods-PosterrTests.a in Frameworks */,
			);
			runOnlyForDeploymentPostprocessing = 0;
		};
		7674552828B6FBEC00CC1F21 /* Frameworks */ = {
			isa = PBXFrameworksBuildPhase;
			buildActionMask = 2147483647;
			files = (
				F61767888BCF1C581DE69853 /* libPods-PosterrUITests.a in Frameworks */,
			);
			runOnlyForDeploymentPostprocessing = 0;
		};
/* End PBXFrameworksBuildPhase section */

/* Begin PBXGroup section */
		4262141214964AF74E2401EE /* Frameworks */ = {
			isa = PBXGroup;
			children = (
				D1DB91AA84ECAC0FC0D4A324 /* libPods-Posterr.a */,
				5CE34C33B026AE3318325C8E /* libPods-PosterrTests.a */,
				96E0DE7C3074C56407CD9D80 /* libPods-PosterrUITests.a */,
			);
			name = Frameworks;
			sourceTree = "<group>";
		};
		48CB0348532C5AE97B250552 /* Pods */ = {
			isa = PBXGroup;
			children = (
				148EDCD6E90DD60650804B61 /* Pods-Posterr.debug.xcconfig */,
				DDE7193FA7BE69730662D366 /* Pods-Posterr.release.xcconfig */,
				06123743F12346F5C922E47C /* Pods-PosterrTests.debug.xcconfig */,
				260B56FC0E836241988A9B39 /* Pods-PosterrTests.release.xcconfig */,
				7A5802BA81B8C861BDFF54F3 /* Pods-PosterrUITests.debug.xcconfig */,
				F9A62968B99C2F9BCB6AD6EF /* Pods-PosterrUITests.release.xcconfig */,
			);
			path = Pods;
			sourceTree = "<group>";
		};
		7674550228B6FBEA00CC1F21 = {
			isa = PBXGroup;
			children = (
				7674550D28B6FBEA00CC1F21 /* Posterr */,
				7674552428B6FBEC00CC1F21 /* PosterrTests */,
				7674552E28B6FBEC00CC1F21 /* PosterrUITests */,
				7674550C28B6FBEA00CC1F21 /* Products */,
				48CB0348532C5AE97B250552 /* Pods */,
				4262141214964AF74E2401EE /* Frameworks */,
			);
			sourceTree = "<group>";
		};
		7674550C28B6FBEA00CC1F21 /* Products */ = {
			isa = PBXGroup;
			children = (
				7674550B28B6FBEA00CC1F21 /* Posterr.app */,
				7674552128B6FBEC00CC1F21 /* PosterrTests.xctest */,
				7674552B28B6FBEC00CC1F21 /* PosterrUITests.xctest */,
			);
			name = Products;
			sourceTree = "<group>";
		};
		7674550D28B6FBEA00CC1F21 /* Posterr */ = {
			isa = PBXGroup;
			children = (
				7674553E28B6FED600CC1F21 /* App */,
				7674553F28B6FF0700CC1F21 /* Foundation */,
				7674554028B6FF1000CC1F21 /* DependencyInjection */,
				7674554128B6FF1900CC1F21 /* FlowController */,
				7674554228B6FF2400CC1F21 /* Services */,
				7674554328B6FF3600CC1F21 /* UIKit */,
				7674554428B6FF4700CC1F21 /* Scenes */,
				7674551728B6FBEC00CC1F21 /* Assets.xcassets */,
			);
			path = Posterr;
			sourceTree = "<group>";
		};
		7674552428B6FBEC00CC1F21 /* PosterrTests */ = {
			isa = PBXGroup;
			children = (
				7674552528B6FBEC00CC1F21 /* PosterrTests.swift */,
			);
			path = PosterrTests;
			sourceTree = "<group>";
		};
		7674552E28B6FBEC00CC1F21 /* PosterrUITests */ = {
			isa = PBXGroup;
			children = (
				7674552F28B6FBEC00CC1F21 /* PosterrUITests.swift */,
				7674553128B6FBEC00CC1F21 /* PosterrUITestsLaunchTests.swift */,
			);
			path = PosterrUITests;
			sourceTree = "<group>";
		};
		7674553E28B6FED600CC1F21 /* App */ = {
			isa = PBXGroup;
			children = (
				7674551C28B6FBEC00CC1F21 /* Info.plist */,
				7674550E28B6FBEA00CC1F21 /* AppDelegate.swift */,
				7674551028B6FBEA00CC1F21 /* SceneDelegate.swift */,
			);
			path = App;
			sourceTree = "<group>";
		};
		7674553F28B6FF0700CC1F21 /* Foundation */ = {
			isa = PBXGroup;
			children = (
			);
			path = Foundation;
			sourceTree = "<group>";
		};
		7674554028B6FF1000CC1F21 /* DependencyInjection */ = {
			isa = PBXGroup;
			children = (
			);
			path = DependencyInjection;
			sourceTree = "<group>";
		};
		7674554128B6FF1900CC1F21 /* FlowController */ = {
			isa = PBXGroup;
			children = (
			);
			path = FlowController;
			sourceTree = "<group>";
		};
		7674554228B6FF2400CC1F21 /* Services */ = {
			isa = PBXGroup;
			children = (
			);
			path = Services;
			sourceTree = "<group>";
		};
		7674554328B6FF3600CC1F21 /* UIKit */ = {
			isa = PBXGroup;
			children = (
			);
			path = UIKit;
			sourceTree = "<group>";
		};
		7674554428B6FF4700CC1F21 /* Scenes */ = {
			isa = PBXGroup;
			children = (
				7674554F28B7014B00CC1F21 /* PSHome */,
				7674555228B7016600CC1F21 /* PSUserProfile */,
			);
			path = Scenes;
			sourceTree = "<group>";
		};
		7674554F28B7014B00CC1F21 /* PSHome */ = {
			isa = PBXGroup;
			children = (
				7674555028B7015800CC1F21 /* Content */,
				7674555128B7015D00CC1F21 /* Entity */,
				7674556228B7022800CC1F21 /* PSHomeProtocol.swift */,
				7674556128B7022800CC1F21 /* PSHomeViewController.swift */,
				7674556328B7022800CC1F21 /* PSHomeViewModel.swift */,
			);
			path = PSHome;
			sourceTree = "<group>";
		};
		7674555028B7015800CC1F21 /* Content */ = {
			isa = PBXGroup;
			children = (
				7674556A28B7023300CC1F21 /* PSHomeView.swift */,
				7674556928B7023300CC1F21 /* PSHomeViewProtocol.swift */,
			);
			path = Content;
			sourceTree = "<group>";
		};
		7674555128B7015D00CC1F21 /* Entity */ = {
			isa = PBXGroup;
			children = (
				7674556728B7022E00CC1F21 /* PSHomeViewEntity.swift */,
			);
			path = Entity;
			sourceTree = "<group>";
		};
		7674555228B7016600CC1F21 /* PSUserProfile */ = {
			isa = PBXGroup;
			children = (
				7674555428B7017400CC1F21 /* Content */,
				7674555328B7016E00CC1F21 /* Entity */,
				7674555728B7021200CC1F21 /* PSUserProfileProtocol.swift */,
				7674555528B7021200CC1F21 /* PSUserProfileViewController.swift */,
				7674555628B7021200CC1F21 /* PSUserProfileViewModel.swift */,
			);
			path = PSUserProfile;
			sourceTree = "<group>";
		};
		7674555328B7016E00CC1F21 /* Entity */ = {
			isa = PBXGroup;
			children = (
				7674555B28B7021800CC1F21 /* PSUserProfileViewEntity.swift */,
			);
			path = Entity;
			sourceTree = "<group>";
		};
		7674555428B7017400CC1F21 /* Content */ = {
			isa = PBXGroup;
			children = (
				7674555D28B7021D00CC1F21 /* PSUserProfileView.swift */,
				7674555E28B7021D00CC1F21 /* PSUserProfileViewProtocol.swift */,
			);
			path = Content;
			sourceTree = "<group>";
		};
/* End PBXGroup section */

/* Begin PBXNativeTarget section */
		7674550A28B6FBEA00CC1F21 /* Posterr */ = {
			isa = PBXNativeTarget;
			buildConfigurationList = 7674553528B6FBEC00CC1F21 /* Build configuration list for PBXNativeTarget "Posterr" */;
			buildPhases = (
				3DC8CFA1434007DB70B8AEB0 /* [CP] Check Pods Manifest.lock */,
				7674550728B6FBEA00CC1F21 /* Sources */,
				7674550828B6FBEA00CC1F21 /* Frameworks */,
				7674550928B6FBEA00CC1F21 /* Resources */,
			);
			buildRules = (
			);
			dependencies = (
			);
			name = Posterr;
			productName = Posterr;
			productReference = 7674550B28B6FBEA00CC1F21 /* Posterr.app */;
			productType = "com.apple.product-type.application";
		};
		7674552028B6FBEC00CC1F21 /* PosterrTests */ = {
			isa = PBXNativeTarget;
			buildConfigurationList = 7674553828B6FBEC00CC1F21 /* Build configuration list for PBXNativeTarget "PosterrTests" */;
			buildPhases = (
				0B00DEA39759CB66A6A1B0C8 /* [CP] Check Pods Manifest.lock */,
				7674551D28B6FBEC00CC1F21 /* Sources */,
				7674551E28B6FBEC00CC1F21 /* Frameworks */,
				7674551F28B6FBEC00CC1F21 /* Resources */,
			);
			buildRules = (
			);
			dependencies = (
				7674552328B6FBEC00CC1F21 /* PBXTargetDependency */,
			);
			name = PosterrTests;
			productName = PosterrTests;
			productReference = 7674552128B6FBEC00CC1F21 /* PosterrTests.xctest */;
			productType = "com.apple.product-type.bundle.unit-test";
		};
		7674552A28B6FBEC00CC1F21 /* PosterrUITests */ = {
			isa = PBXNativeTarget;
			buildConfigurationList = 7674553B28B6FBEC00CC1F21 /* Build configuration list for PBXNativeTarget "PosterrUITests" */;
			buildPhases = (
				EBD8BD8BF98228BC5D15B6AC /* [CP] Check Pods Manifest.lock */,
				7674552728B6FBEC00CC1F21 /* Sources */,
				7674552828B6FBEC00CC1F21 /* Frameworks */,
				7674552928B6FBEC00CC1F21 /* Resources */,
			);
			buildRules = (
			);
			dependencies = (
				7674552D28B6FBEC00CC1F21 /* PBXTargetDependency */,
			);
			name = PosterrUITests;
			productName = PosterrUITests;
			productReference = 7674552B28B6FBEC00CC1F21 /* PosterrUITests.xctest */;
			productType = "com.apple.product-type.bundle.ui-testing";
		};
/* End PBXNativeTarget section */

/* Begin PBXProject section */
		7674550328B6FBEA00CC1F21 /* Project object */ = {
			isa = PBXProject;
			attributes = {
				BuildIndependentTargetsInParallel = 1;
				LastSwiftUpdateCheck = 1340;
				LastUpgradeCheck = 1340;
				TargetAttributes = {
					7674550A28B6FBEA00CC1F21 = {
						CreatedOnToolsVersion = 13.4.1;
					};
					7674552028B6FBEC00CC1F21 = {
						CreatedOnToolsVersion = 13.4.1;
						TestTargetID = 7674550A28B6FBEA00CC1F21;
					};
					7674552A28B6FBEC00CC1F21 = {
						CreatedOnToolsVersion = 13.4.1;
						TestTargetID = 7674550A28B6FBEA00CC1F21;
					};
				};
			};
			buildConfigurationList = 7674550628B6FBEA00CC1F21 /* Build configuration list for PBXProject "Posterr" */;
			compatibilityVersion = "Xcode 13.0";
			developmentRegion = en;
			hasScannedForEncodings = 0;
			knownRegions = (
				en,
				Base,
			);
			mainGroup = 7674550228B6FBEA00CC1F21;
			productRefGroup = 7674550C28B6FBEA00CC1F21 /* Products */;
			projectDirPath = "";
			projectRoot = "";
			targets = (
				7674550A28B6FBEA00CC1F21 /* Posterr */,
				7674552028B6FBEC00CC1F21 /* PosterrTests */,
				7674552A28B6FBEC00CC1F21 /* PosterrUITests */,
			);
		};
/* End PBXProject section */

/* Begin PBXResourcesBuildPhase section */
		7674550928B6FBEA00CC1F21 /* Resources */ = {
			isa = PBXResourcesBuildPhase;
			buildActionMask = 2147483647;
			files = (
				7674551828B6FBEC00CC1F21 /* Assets.xcassets in Resources */,
			);
			runOnlyForDeploymentPostprocessing = 0;
		};
		7674551F28B6FBEC00CC1F21 /* Resources */ = {
			isa = PBXResourcesBuildPhase;
			buildActionMask = 2147483647;
			files = (
			);
			runOnlyForDeploymentPostprocessing = 0;
		};
		7674552928B6FBEC00CC1F21 /* Resources */ = {
			isa = PBXResourcesBuildPhase;
			buildActionMask = 2147483647;
			files = (
			);
			runOnlyForDeploymentPostprocessing = 0;
		};
/* End PBXResourcesBuildPhase section */

/* Begin PBXShellScriptBuildPhase section */
		0B00DEA39759CB66A6A1B0C8 /* [CP] Check Pods Manifest.lock */ = {
			isa = PBXShellScriptBuildPhase;
			buildActionMask = 2147483647;
			files = (
			);
			inputFileListPaths = (
			);
			inputPaths = (
				"${PODS_PODFILE_DIR_PATH}/Podfile.lock",
				"${PODS_ROOT}/Manifest.lock",
			);
			name = "[CP] Check Pods Manifest.lock";
			outputFileListPaths = (
			);
			outputPaths = (
				"$(DERIVED_FILE_DIR)/Pods-PosterrTests-checkManifestLockResult.txt",
			);
			runOnlyForDeploymentPostprocessing = 0;
			shellPath = /bin/sh;
			shellScript = "diff \"${PODS_PODFILE_DIR_PATH}/Podfile.lock\" \"${PODS_ROOT}/Manifest.lock\" > /dev/null\nif [ $? != 0 ] ; then\n    # print error to STDERR\n    echo \"error: The sandbox is not in sync with the Podfile.lock. Run 'pod install' or update your CocoaPods installation.\" >&2\n    exit 1\nfi\n# This output is used by Xcode 'outputs' to avoid re-running this script phase.\necho \"SUCCESS\" > \"${SCRIPT_OUTPUT_FILE_0}\"\n";
			showEnvVarsInLog = 0;
		};
		3DC8CFA1434007DB70B8AEB0 /* [CP] Check Pods Manifest.lock */ = {
			isa = PBXShellScriptBuildPhase;
			buildActionMask = 2147483647;
			files = (
			);
			inputFileListPaths = (
			);
			inputPaths = (
				"${PODS_PODFILE_DIR_PATH}/Podfile.lock",
				"${PODS_ROOT}/Manifest.lock",
			);
			name = "[CP] Check Pods Manifest.lock";
			outputFileListPaths = (
			);
			outputPaths = (
				"$(DERIVED_FILE_DIR)/Pods-Posterr-checkManifestLockResult.txt",
			);
			runOnlyForDeploymentPostprocessing = 0;
			shellPath = /bin/sh;
			shellScript = "diff \"${PODS_PODFILE_DIR_PATH}/Podfile.lock\" \"${PODS_ROOT}/Manifest.lock\" > /dev/null\nif [ $? != 0 ] ; then\n    # print error to STDERR\n    echo \"error: The sandbox is not in sync with the Podfile.lock. Run 'pod install' or update your CocoaPods installation.\" >&2\n    exit 1\nfi\n# This output is used by Xcode 'outputs' to avoid re-running this script phase.\necho \"SUCCESS\" > \"${SCRIPT_OUTPUT_FILE_0}\"\n";
			showEnvVarsInLog = 0;
		};
		EBD8BD8BF98228BC5D15B6AC /* [CP] Check Pods Manifest.lock */ = {
			isa = PBXShellScriptBuildPhase;
			buildActionMask = 2147483647;
			files = (
			);
			inputFileListPaths = (
			);
			inputPaths = (
				"${PODS_PODFILE_DIR_PATH}/Podfile.lock",
				"${PODS_ROOT}/Manifest.lock",
			);
			name = "[CP] Check Pods Manifest.lock";
			outputFileListPaths = (
			);
			outputPaths = (
				"$(DERIVED_FILE_DIR)/Pods-PosterrUITests-checkManifestLockResult.txt",
			);
			runOnlyForDeploymentPostprocessing = 0;
			shellPath = /bin/sh;
			shellScript = "diff \"${PODS_PODFILE_DIR_PATH}/Podfile.lock\" \"${PODS_ROOT}/Manifest.lock\" > /dev/null\nif [ $? != 0 ] ; then\n    # print error to STDERR\n    echo \"error: The sandbox is not in sync with the Podfile.lock. Run 'pod install' or update your CocoaPods installation.\" >&2\n    exit 1\nfi\n# This output is used by Xcode 'outputs' to avoid re-running this script phase.\necho \"SUCCESS\" > \"${SCRIPT_OUTPUT_FILE_0}\"\n";
			showEnvVarsInLog = 0;
		};
/* End PBXShellScriptBuildPhase section */

/* Begin PBXSourcesBuildPhase section */
		7674550728B6FBEA00CC1F21 /* Sources */ = {
			isa = PBXSourcesBuildPhase;
			buildActionMask = 2147483647;
			files = (
				7674555828B7021200CC1F21 /* PSUserProfileViewController.swift in Sources */,
				7674556528B7022800CC1F21 /* PSHomeProtocol.swift in Sources */,
				7674555A28B7021200CC1F21 /* PSUserProfileProtocol.swift in Sources */,
				7674556428B7022800CC1F21 /* PSHomeViewController.swift in Sources */,
				7674556028B7021D00CC1F21 /* PSUserProfileViewProtocol.swift in Sources */,
				7674556828B7022E00CC1F21 /* PSHomeViewEntity.swift in Sources */,
				7674550F28B6FBEA00CC1F21 /* AppDelegate.swift in Sources */,
				7674555928B7021200CC1F21 /* PSUserProfileViewModel.swift in Sources */,
				7674555F28B7021D00CC1F21 /* PSUserProfileView.swift in Sources */,
				7674551128B6FBEA00CC1F21 /* SceneDelegate.swift in Sources */,
				7674556C28B7023300CC1F21 /* PSHomeView.swift in Sources */,
				7674555C28B7021800CC1F21 /* PSUserProfileViewEntity.swift in Sources */,
				7674556B28B7023300CC1F21 /* PSHomeViewProtocol.swift in Sources */,
				7674556628B7022800CC1F21 /* PSHomeViewModel.swift in Sources */,
			);
			runOnlyForDeploymentPostprocessing = 0;
		};
		7674551D28B6FBEC00CC1F21 /* Sources */ = {
			isa = PBXSourcesBuildPhase;
			buildActionMask = 2147483647;
			files = (
				7674552628B6FBEC00CC1F21 /* PosterrTests.swift in Sources */,
			);
			runOnlyForDeploymentPostprocessing = 0;
		};
		7674552728B6FBEC00CC1F21 /* Sources */ = {
			isa = PBXSourcesBuildPhase;
			buildActionMask = 2147483647;
			files = (
				7674553228B6FBEC00CC1F21 /* PosterrUITestsLaunchTests.swift in Sources */,
				7674553028B6FBEC00CC1F21 /* PosterrUITests.swift in Sources */,
			);
			runOnlyForDeploymentPostprocessing = 0;
		};
/* End PBXSourcesBuildPhase section */

/* Begin PBXTargetDependency section */
		7674552328B6FBEC00CC1F21 /* PBXTargetDependency */ = {
			isa = PBXTargetDependency;
			target = 7674550A28B6FBEA00CC1F21 /* Posterr */;
			targetProxy = 7674552228B6FBEC00CC1F21 /* PBXContainerItemProxy */;
		};
		7674552D28B6FBEC00CC1F21 /* PBXTargetDependency */ = {
			isa = PBXTargetDependency;
			target = 7674550A28B6FBEA00CC1F21 /* Posterr */;
			targetProxy = 7674552C28B6FBEC00CC1F21 /* PBXContainerItemProxy */;
		};
/* End PBXTargetDependency section */

/* Begin XCBuildConfiguration section */
		7674553328B6FBEC00CC1F21 /* Debug */ = {
			isa = XCBuildConfiguration;
			buildSettings = {
				ALWAYS_SEARCH_USER_PATHS = NO;
				CLANG_ANALYZER_NONNULL = YES;
				CLANG_ANALYZER_NUMBER_OBJECT_CONVERSION = YES_AGGRESSIVE;
				CLANG_CXX_LANGUAGE_STANDARD = "gnu++17";
				CLANG_ENABLE_MODULES = YES;
				CLANG_ENABLE_OBJC_ARC = YES;
				CLANG_ENABLE_OBJC_WEAK = YES;
				CLANG_WARN_BLOCK_CAPTURE_AUTORELEASING = YES;
				CLANG_WARN_BOOL_CONVERSION = YES;
				CLANG_WARN_COMMA = YES;
				CLANG_WARN_CONSTANT_CONVERSION = YES;
				CLANG_WARN_DEPRECATED_OBJC_IMPLEMENTATIONS = YES;
				CLANG_WARN_DIRECT_OBJC_ISA_USAGE = YES_ERROR;
				CLANG_WARN_DOCUMENTATION_COMMENTS = YES;
				CLANG_WARN_EMPTY_BODY = YES;
				CLANG_WARN_ENUM_CONVERSION = YES;
				CLANG_WARN_INFINITE_RECURSION = YES;
				CLANG_WARN_INT_CONVERSION = YES;
				CLANG_WARN_NON_LITERAL_NULL_CONVERSION = YES;
				CLANG_WARN_OBJC_IMPLICIT_RETAIN_SELF = YES;
				CLANG_WARN_OBJC_LITERAL_CONVERSION = YES;
				CLANG_WARN_OBJC_ROOT_CLASS = YES_ERROR;
				CLANG_WARN_QUOTED_INCLUDE_IN_FRAMEWORK_HEADER = YES;
				CLANG_WARN_RANGE_LOOP_ANALYSIS = YES;
				CLANG_WARN_STRICT_PROTOTYPES = YES;
				CLANG_WARN_SUSPICIOUS_MOVE = YES;
				CLANG_WARN_UNGUARDED_AVAILABILITY = YES_AGGRESSIVE;
				CLANG_WARN_UNREACHABLE_CODE = YES;
				CLANG_WARN__DUPLICATE_METHOD_MATCH = YES;
				COPY_PHASE_STRIP = NO;
				DEBUG_INFORMATION_FORMAT = dwarf;
				ENABLE_STRICT_OBJC_MSGSEND = YES;
				ENABLE_TESTABILITY = YES;
				GCC_C_LANGUAGE_STANDARD = gnu11;
				GCC_DYNAMIC_NO_PIC = NO;
				GCC_NO_COMMON_BLOCKS = YES;
				GCC_OPTIMIZATION_LEVEL = 0;
				GCC_PREPROCESSOR_DEFINITIONS = (
					"DEBUG=1",
					"$(inherited)",
				);
				GCC_WARN_64_TO_32_BIT_CONVERSION = YES;
				GCC_WARN_ABOUT_RETURN_TYPE = YES_ERROR;
				GCC_WARN_UNDECLARED_SELECTOR = YES;
				GCC_WARN_UNINITIALIZED_AUTOS = YES_AGGRESSIVE;
				GCC_WARN_UNUSED_FUNCTION = YES;
				GCC_WARN_UNUSED_VARIABLE = YES;
				IPHONEOS_DEPLOYMENT_TARGET = 13.0;
				MTL_ENABLE_DEBUG_INFO = INCLUDE_SOURCE;
				MTL_FAST_MATH = YES;
				ONLY_ACTIVE_ARCH = YES;
				SDKROOT = iphoneos;
				SWIFT_ACTIVE_COMPILATION_CONDITIONS = DEBUG;
				SWIFT_OPTIMIZATION_LEVEL = "-Onone";
			};
			name = Debug;
		};
		7674553428B6FBEC00CC1F21 /* Release */ = {
			isa = XCBuildConfiguration;
			buildSettings = {
				ALWAYS_SEARCH_USER_PATHS = NO;
				CLANG_ANALYZER_NONNULL = YES;
				CLANG_ANALYZER_NUMBER_OBJECT_CONVERSION = YES_AGGRESSIVE;
				CLANG_CXX_LANGUAGE_STANDARD = "gnu++17";
				CLANG_ENABLE_MODULES = YES;
				CLANG_ENABLE_OBJC_ARC = YES;
				CLANG_ENABLE_OBJC_WEAK = YES;
				CLANG_WARN_BLOCK_CAPTURE_AUTORELEASING = YES;
				CLANG_WARN_BOOL_CONVERSION = YES;
				CLANG_WARN_COMMA = YES;
				CLANG_WARN_CONSTANT_CONVERSION = YES;
				CLANG_WARN_DEPRECATED_OBJC_IMPLEMENTATIONS = YES;
				CLANG_WARN_DIRECT_OBJC_ISA_USAGE = YES_ERROR;
				CLANG_WARN_DOCUMENTATION_COMMENTS = YES;
				CLANG_WARN_EMPTY_BODY = YES;
				CLANG_WARN_ENUM_CONVERSION = YES;
				CLANG_WARN_INFINITE_RECURSION = YES;
				CLANG_WARN_INT_CONVERSION = YES;
				CLANG_WARN_NON_LITERAL_NULL_CONVERSION = YES;
				CLANG_WARN_OBJC_IMPLICIT_RETAIN_SELF = YES;
				CLANG_WARN_OBJC_LITERAL_CONVERSION = YES;
				CLANG_WARN_OBJC_ROOT_CLASS = YES_ERROR;
				CLANG_WARN_QUOTED_INCLUDE_IN_FRAMEWORK_HEADER = YES;
				CLANG_WARN_RANGE_LOOP_ANALYSIS = YES;
				CLANG_WARN_STRICT_PROTOTYPES = YES;
				CLANG_WARN_SUSPICIOUS_MOVE = YES;
				CLANG_WARN_UNGUARDED_AVAILABILITY = YES_AGGRESSIVE;
				CLANG_WARN_UNREACHABLE_CODE = YES;
				CLANG_WARN__DUPLICATE_METHOD_MATCH = YES;
				COPY_PHASE_STRIP = NO;
				DEBUG_INFORMATION_FORMAT = "dwarf-with-dsym";
				ENABLE_NS_ASSERTIONS = NO;
				ENABLE_STRICT_OBJC_MSGSEND = YES;
				GCC_C_LANGUAGE_STANDARD = gnu11;
				GCC_NO_COMMON_BLOCKS = YES;
				GCC_WARN_64_TO_32_BIT_CONVERSION = YES;
				GCC_WARN_ABOUT_RETURN_TYPE = YES_ERROR;
				GCC_WARN_UNDECLARED_SELECTOR = YES;
				GCC_WARN_UNINITIALIZED_AUTOS = YES_AGGRESSIVE;
				GCC_WARN_UNUSED_FUNCTION = YES;
				GCC_WARN_UNUSED_VARIABLE = YES;
				IPHONEOS_DEPLOYMENT_TARGET = 13.0;
				MTL_ENABLE_DEBUG_INFO = NO;
				MTL_FAST_MATH = YES;
				SDKROOT = iphoneos;
				SWIFT_COMPILATION_MODE = wholemodule;
				SWIFT_OPTIMIZATION_LEVEL = "-O";
				VALIDATE_PRODUCT = YES;
			};
			name = Release;
		};
		7674553628B6FBEC00CC1F21 /* Debug */ = {
			isa = XCBuildConfiguration;
			baseConfigurationReference = 148EDCD6E90DD60650804B61 /* Pods-Posterr.debug.xcconfig */;
			buildSettings = {
				ASSETCATALOG_COMPILER_APPICON_NAME = AppIcon;
				ASSETCATALOG_COMPILER_GLOBAL_ACCENT_COLOR_NAME = AccentColor;
				CODE_SIGN_STYLE = Automatic;
				CURRENT_PROJECT_VERSION = 1;
				DEVELOPMENT_TEAM = 22YGM83NY4;
				GENERATE_INFOPLIST_FILE = YES;
				INFOPLIST_FILE = Posterr/Info.plist;
				INFOPLIST_KEY_UIApplicationSupportsIndirectInputEvents = YES;
				INFOPLIST_KEY_UILaunchStoryboardName = LaunchScreen;
				INFOPLIST_KEY_UIMainStoryboardFile = Main;
				INFOPLIST_KEY_UISupportedInterfaceOrientations_iPad = "UIInterfaceOrientationPortrait UIInterfaceOrientationPortraitUpsideDown UIInterfaceOrientationLandscapeLeft UIInterfaceOrientationLandscapeRight";
				INFOPLIST_KEY_UISupportedInterfaceOrientations_iPhone = "UIInterfaceOrientationPortrait UIInterfaceOrientationLandscapeLeft UIInterfaceOrientationLandscapeRight";
				IPHONEOS_DEPLOYMENT_TARGET = 13.0;
				LD_RUNPATH_SEARCH_PATHS = (
					"$(inherited)",
					"@executable_path/Frameworks",
				);
				MARKETING_VERSION = 1.0;
				PRODUCT_BUNDLE_IDENTIFIER = br.carvalho.lucas.Posterr;
				PRODUCT_NAME = "$(TARGET_NAME)";
				SWIFT_EMIT_LOC_STRINGS = YES;
				SWIFT_VERSION = 5.0;
				TARGETED_DEVICE_FAMILY = "1,2";
			};
			name = Debug;
		};
		7674553728B6FBEC00CC1F21 /* Release */ = {
			isa = XCBuildConfiguration;
			baseConfigurationReference = DDE7193FA7BE69730662D366 /* Pods-Posterr.release.xcconfig */;
			buildSettings = {
				ASSETCATALOG_COMPILER_APPICON_NAME = AppIcon;
				ASSETCATALOG_COMPILER_GLOBAL_ACCENT_COLOR_NAME = AccentColor;
				CODE_SIGN_STYLE = Automatic;
				CURRENT_PROJECT_VERSION = 1;
				DEVELOPMENT_TEAM = 22YGM83NY4;
				GENERATE_INFOPLIST_FILE = YES;
				INFOPLIST_FILE = Posterr/Info.plist;
				INFOPLIST_KEY_UIApplicationSupportsIndirectInputEvents = YES;
				INFOPLIST_KEY_UILaunchStoryboardName = LaunchScreen;
				INFOPLIST_KEY_UIMainStoryboardFile = Main;
				INFOPLIST_KEY_UISupportedInterfaceOrientations_iPad = "UIInterfaceOrientationPortrait UIInterfaceOrientationPortraitUpsideDown UIInterfaceOrientationLandscapeLeft UIInterfaceOrientationLandscapeRight";
				INFOPLIST_KEY_UISupportedInterfaceOrientations_iPhone = "UIInterfaceOrientationPortrait UIInterfaceOrientationLandscapeLeft UIInterfaceOrientationLandscapeRight";
				IPHONEOS_DEPLOYMENT_TARGET = 13.0;
				LD_RUNPATH_SEARCH_PATHS = (
					"$(inherited)",
					"@executable_path/Frameworks",
				);
				MARKETING_VERSION = 1.0;
				PRODUCT_BUNDLE_IDENTIFIER = br.carvalho.lucas.Posterr;
				PRODUCT_NAME = "$(TARGET_NAME)";
				SWIFT_EMIT_LOC_STRINGS = YES;
				SWIFT_VERSION = 5.0;
				TARGETED_DEVICE_FAMILY = "1,2";
			};
			name = Release;
		};
		7674553928B6FBEC00CC1F21 /* Debug */ = {
			isa = XCBuildConfiguration;
			baseConfigurationReference = 06123743F12346F5C922E47C /* Pods-PosterrTests.debug.xcconfig */;
			buildSettings = {
				ALWAYS_EMBED_SWIFT_STANDARD_LIBRARIES = YES;
				BUNDLE_LOADER = "$(TEST_HOST)";
				CODE_SIGN_STYLE = Automatic;
				CURRENT_PROJECT_VERSION = 1;
				DEVELOPMENT_TEAM = 22YGM83NY4;
				GENERATE_INFOPLIST_FILE = YES;
				IPHONEOS_DEPLOYMENT_TARGET = 13.0;
				MARKETING_VERSION = 1.0;
				PRODUCT_BUNDLE_IDENTIFIER = br.carvalho.lucas.PosterrTests;
				PRODUCT_NAME = "$(TARGET_NAME)";
				SWIFT_EMIT_LOC_STRINGS = NO;
				SWIFT_VERSION = 5.0;
				TARGETED_DEVICE_FAMILY = "1,2";
				TEST_HOST = "$(BUILT_PRODUCTS_DIR)/Posterr.app/Posterr";
			};
			name = Debug;
		};
		7674553A28B6FBEC00CC1F21 /* Release */ = {
			isa = XCBuildConfiguration;
			baseConfigurationReference = 260B56FC0E836241988A9B39 /* Pods-PosterrTests.release.xcconfig */;
			buildSettings = {
				ALWAYS_EMBED_SWIFT_STANDARD_LIBRARIES = YES;
				BUNDLE_LOADER = "$(TEST_HOST)";
				CODE_SIGN_STYLE = Automatic;
				CURRENT_PROJECT_VERSION = 1;
				DEVELOPMENT_TEAM = 22YGM83NY4;
				GENERATE_INFOPLIST_FILE = YES;
				IPHONEOS_DEPLOYMENT_TARGET = 13.0;
				MARKETING_VERSION = 1.0;
				PRODUCT_BUNDLE_IDENTIFIER = br.carvalho.lucas.PosterrTests;
				PRODUCT_NAME = "$(TARGET_NAME)";
				SWIFT_EMIT_LOC_STRINGS = NO;
				SWIFT_VERSION = 5.0;
				TARGETED_DEVICE_FAMILY = "1,2";
				TEST_HOST = "$(BUILT_PRODUCTS_DIR)/Posterr.app/Posterr";
			};
			name = Release;
		};
		7674553C28B6FBEC00CC1F21 /* Debug */ = {
			isa = XCBuildConfiguration;
			baseConfigurationReference = 7A5802BA81B8C861BDFF54F3 /* Pods-PosterrUITests.debug.xcconfig */;
			buildSettings = {
				ALWAYS_EMBED_SWIFT_STANDARD_LIBRARIES = YES;
				CODE_SIGN_STYLE = Automatic;
				CURRENT_PROJECT_VERSION = 1;
				DEVELOPMENT_TEAM = 22YGM83NY4;
				GENERATE_INFOPLIST_FILE = YES;
				IPHONEOS_DEPLOYMENT_TARGET = 13.0;
				MARKETING_VERSION = 1.0;
				PRODUCT_BUNDLE_IDENTIFIER = br.carvalho.lucas.PosterrUITests;
				PRODUCT_NAME = "$(TARGET_NAME)";
				SWIFT_EMIT_LOC_STRINGS = NO;
				SWIFT_VERSION = 5.0;
				TARGETED_DEVICE_FAMILY = "1,2";
				TEST_TARGET_NAME = Posterr;
			};
			name = Debug;
		};
		7674553D28B6FBEC00CC1F21 /* Release */ = {
			isa = XCBuildConfiguration;
			baseConfigurationReference = F9A62968B99C2F9BCB6AD6EF /* Pods-PosterrUITests.release.xcconfig */;
			buildSettings = {
				ALWAYS_EMBED_SWIFT_STANDARD_LIBRARIES = YES;
				CODE_SIGN_STYLE = Automatic;
				CURRENT_PROJECT_VERSION = 1;
				DEVELOPMENT_TEAM = 22YGM83NY4;
				GENERATE_INFOPLIST_FILE = YES;
				IPHONEOS_DEPLOYMENT_TARGET = 13.0;
				MARKETING_VERSION = 1.0;
				PRODUCT_BUNDLE_IDENTIFIER = br.carvalho.lucas.PosterrUITests;
				PRODUCT_NAME = "$(TARGET_NAME)";
				SWIFT_EMIT_LOC_STRINGS = NO;
				SWIFT_VERSION = 5.0;
				TARGETED_DEVICE_FAMILY = "1,2";
				TEST_TARGET_NAME = Posterr;
			};
			name = Release;
		};
/* End XCBuildConfiguration section */

/* Begin XCConfigurationList section */
		7674550628B6FBEA00CC1F21 /* Build configuration list for PBXProject "Posterr" */ = {
			isa = XCConfigurationList;
			buildConfigurations = (
				7674553328B6FBEC00CC1F21 /* Debug */,
				7674553428B6FBEC00CC1F21 /* Release */,
			);
			defaultConfigurationIsVisible = 0;
			defaultConfigurationName = Release;
		};
		7674553528B6FBEC00CC1F21 /* Build configuration list for PBXNativeTarget "Posterr" */ = {
			isa = XCConfigurationList;
			buildConfigurations = (
				7674553628B6FBEC00CC1F21 /* Debug */,
				7674553728B6FBEC00CC1F21 /* Release */,
			);
			defaultConfigurationIsVisible = 0;
			defaultConfigurationName = Release;
		};
		7674553828B6FBEC00CC1F21 /* Build configuration list for PBXNativeTarget "PosterrTests" */ = {
			isa = XCConfigurationList;
			buildConfigurations = (
				7674553928B6FBEC00CC1F21 /* Debug */,
				7674553A28B6FBEC00CC1F21 /* Release */,
			);
			defaultConfigurationIsVisible = 0;
			defaultConfigurationName = Release;
		};
		7674553B28B6FBEC00CC1F21 /* Build configuration list for PBXNativeTarget "PosterrUITests" */ = {
			isa = XCConfigurationList;
			buildConfigurations = (
				7674553C28B6FBEC00CC1F21 /* Debug */,
				7674553D28B6FBEC00CC1F21 /* Release */,
			);
			defaultConfigurationIsVisible = 0;
			defaultConfigurationName = Release;
		};
/* End XCConfigurationList section */
	};
	rootObject = 7674550328B6FBEA00CC1F21 /* Project object */;
}
