// !$*UTF8*$!
{
	archiveVersion = 1;
	classes = {
	};
	objectVersion = 55;
	objects = {

/* Begin PBXBuildFile section */
		5145B9CF247FDEE15D401A1B /* libPods-Posterr.a in Frameworks */ = {isa = PBXBuildFile; fileRef = D1DB91AA84ECAC0FC0D4A324 /* libPods-Posterr.a */; };
		55EB7CAB1FB884ECA1C7D659 /* libPods-PosterrTests.a in Frameworks */ = {isa = PBXBuildFile; fileRef = 5CE34C33B026AE3318325C8E /* libPods-PosterrTests.a */; };
		7674550F28B6FBEA00CC1F21 /* AppDelegate.swift in Sources */ = {isa = PBXBuildFile; fileRef = 7674550E28B6FBEA00CC1F21 /* AppDelegate.swift */; };
		7674551128B6FBEA00CC1F21 /* SceneDelegate.swift in Sources */ = {isa = PBXBuildFile; fileRef = 7674551028B6FBEA00CC1F21 /* SceneDelegate.swift */; };
		7674551828B6FBEC00CC1F21 /* Colors.xcassets in Resources */ = {isa = PBXBuildFile; fileRef = 7674551728B6FBEC00CC1F21 /* Colors.xcassets */; };
		7674552628B6FBEC00CC1F21 /* PosterrTests.swift in Sources */ = {isa = PBXBuildFile; fileRef = 7674552528B6FBEC00CC1F21 /* PosterrTests.swift */; };
		7674555828B7021200CC1F21 /* PSUserProfileViewController.swift in Sources */ = {isa = PBXBuildFile; fileRef = 7674555528B7021200CC1F21 /* PSUserProfileViewController.swift */; };
		7674555928B7021200CC1F21 /* PSUserProfileViewModel.swift in Sources */ = {isa = PBXBuildFile; fileRef = 7674555628B7021200CC1F21 /* PSUserProfileViewModel.swift */; };
		7674555A28B7021200CC1F21 /* PSUserProfileProtocol.swift in Sources */ = {isa = PBXBuildFile; fileRef = 7674555728B7021200CC1F21 /* PSUserProfileProtocol.swift */; };
		7674555C28B7021800CC1F21 /* PSUserProfileViewEntity.swift in Sources */ = {isa = PBXBuildFile; fileRef = 7674555B28B7021800CC1F21 /* PSUserProfileViewEntity.swift */; };
		7674555F28B7021D00CC1F21 /* PSUserProfileView.swift in Sources */ = {isa = PBXBuildFile; fileRef = 7674555D28B7021D00CC1F21 /* PSUserProfileView.swift */; };
		7674556028B7021D00CC1F21 /* PSUserProfileViewProtocol.swift in Sources */ = {isa = PBXBuildFile; fileRef = 7674555E28B7021D00CC1F21 /* PSUserProfileViewProtocol.swift */; };
		7674556428B7022800CC1F21 /* PSHomeViewController.swift in Sources */ = {isa = PBXBuildFile; fileRef = 7674556128B7022800CC1F21 /* PSHomeViewController.swift */; };
		7674556528B7022800CC1F21 /* PSHomeProtocol.swift in Sources */ = {isa = PBXBuildFile; fileRef = 7674556228B7022800CC1F21 /* PSHomeProtocol.swift */; };
		7674556628B7022800CC1F21 /* PSHomeViewModel.swift in Sources */ = {isa = PBXBuildFile; fileRef = 7674556328B7022800CC1F21 /* PSHomeViewModel.swift */; };
		7674556828B7022E00CC1F21 /* PSHomeViewEntity.swift in Sources */ = {isa = PBXBuildFile; fileRef = 7674556728B7022E00CC1F21 /* PSHomeViewEntity.swift */; };
		7674556B28B7023300CC1F21 /* PSHomeViewProtocol.swift in Sources */ = {isa = PBXBuildFile; fileRef = 7674556928B7023300CC1F21 /* PSHomeViewProtocol.swift */; };
		7674556C28B7023300CC1F21 /* PSHomeView.swift in Sources */ = {isa = PBXBuildFile; fileRef = 7674556A28B7023300CC1F21 /* PSHomeView.swift */; };
		7674556F28B705BA00CC1F21 /* DependencyGraph.swift in Sources */ = {isa = PBXBuildFile; fileRef = 7674556E28B705BA00CC1F21 /* DependencyGraph.swift */; };
		7674557128B705C900CC1F21 /* FoudationAssembly.swift in Sources */ = {isa = PBXBuildFile; fileRef = 7674557028B705C900CC1F21 /* FoudationAssembly.swift */; };
		7674557328B705DC00CC1F21 /* ScenesAssembly.swift in Sources */ = {isa = PBXBuildFile; fileRef = 7674557228B705DC00CC1F21 /* ScenesAssembly.swift */; };
		7674557528B705F500CC1F21 /* ScenesFactory.swift in Sources */ = {isa = PBXBuildFile; fileRef = 7674557428B705F500CC1F21 /* ScenesFactory.swift */; };
		7674557728B705FC00CC1F21 /* ScenesFactoryProtocol.swift in Sources */ = {isa = PBXBuildFile; fileRef = 7674557628B705FC00CC1F21 /* ScenesFactoryProtocol.swift */; };
		7674557928B70C3800CC1F21 /* FlowController.swift in Sources */ = {isa = PBXBuildFile; fileRef = 7674557828B70C3800CC1F21 /* FlowController.swift */; };
		7674557D28B8048C00CC1F21 /* Extension+UIColor.swift in Sources */ = {isa = PBXBuildFile; fileRef = 7674557C28B8048C00CC1F21 /* Extension+UIColor.swift */; };
		7674557F28B804BC00CC1F21 /* Extension+UIImage.swift in Sources */ = {isa = PBXBuildFile; fileRef = 7674557E28B804BC00CC1F21 /* Extension+UIImage.swift */; };
		7674558128B804CD00CC1F21 /* Images.xcassets in Resources */ = {isa = PBXBuildFile; fileRef = 7674558028B804CD00CC1F21 /* Images.xcassets */; };
		7674558428B8072300CC1F21 /* Extension+UIView.swift in Sources */ = {isa = PBXBuildFile; fileRef = 7674558328B8072300CC1F21 /* Extension+UIView.swift */; };
		7674558628B8086F00CC1F21 /* Main.storyboard in Resources */ = {isa = PBXBuildFile; fileRef = 7674558528B8086F00CC1F21 /* Main.storyboard */; };
		7674558A28B82A4400CC1F21 /* RequestProtocol.swift in Sources */ = {isa = PBXBuildFile; fileRef = 7674558928B82A4400CC1F21 /* RequestProtocol.swift */; };
		7674558C28B82A4E00CC1F21 /* NetworkingRequestMethod.swift in Sources */ = {isa = PBXBuildFile; fileRef = 7674558B28B82A4E00CC1F21 /* NetworkingRequestMethod.swift */; };
		7674558E28B82A9F00CC1F21 /* NetworkOperationProtocol.swift in Sources */ = {isa = PBXBuildFile; fileRef = 7674558D28B82A9F00CC1F21 /* NetworkOperationProtocol.swift */; };
		7674559028B82AA900CC1F21 /* NetworkOperationError.swift in Sources */ = {isa = PBXBuildFile; fileRef = 7674558F28B82AA900CC1F21 /* NetworkOperationError.swift */; };
		7674559228B82AB200CC1F21 /* NetworkOperation.swift in Sources */ = {isa = PBXBuildFile; fileRef = 7674559128B82AB200CC1F21 /* NetworkOperation.swift */; };
		7674559428B82AC500CC1F21 /* NetworkOperationDefaultParameters.swift in Sources */ = {isa = PBXBuildFile; fileRef = 7674559328B82AC500CC1F21 /* NetworkOperationDefaultParameters.swift */; };
		7674559828B831B700CC1F21 /* FeedRequest.swift in Sources */ = {isa = PBXBuildFile; fileRef = 7674559728B831B700CC1F21 /* FeedRequest.swift */; };
		7674559C28B8337700CC1F21 /* getFeed.json in Resources */ = {isa = PBXBuildFile; fileRef = 7674559A28B8337700CC1F21 /* getFeed.json */; };
		7674559D28B8337700CC1F21 /* getUserInformation.json in Resources */ = {isa = PBXBuildFile; fileRef = 7674559B28B8337700CC1F21 /* getUserInformation.json */; };
		767455A328B83A1800CC1F21 /* putUserInformation.json in Resources */ = {isa = PBXBuildFile; fileRef = 767455A228B83A1800CC1F21 /* putUserInformation.json */; };
		767455A628B83AC100CC1F21 /* PSMetrics.swift in Sources */ = {isa = PBXBuildFile; fileRef = 767455A528B83AC100CC1F21 /* PSMetrics.swift */; };
		767455A928B83B3800CC1F21 /* PSFontSize.swift in Sources */ = {isa = PBXBuildFile; fileRef = 767455A828B83B3800CC1F21 /* PSFontSize.swift */; };
		767455AF28B83BEA00CC1F21 /* Extension+UIFont.swift in Sources */ = {isa = PBXBuildFile; fileRef = 767455AE28B83BEA00CC1F21 /* Extension+UIFont.swift */; };
		767455B128B83C7700CC1F21 /* PSFontStyle.swift in Sources */ = {isa = PBXBuildFile; fileRef = 767455B028B83C7700CC1F21 /* PSFontStyle.swift */; };
		767455B328B8475800CC1F21 /* GetFeedMessageUseCase.swift in Sources */ = {isa = PBXBuildFile; fileRef = 767455B228B8475800CC1F21 /* GetFeedMessageUseCase.swift */; };
		767455B528B8475E00CC1F21 /* GetFeedMessageUseCaseResponse.swift in Sources */ = {isa = PBXBuildFile; fileRef = 767455B428B8475E00CC1F21 /* GetFeedMessageUseCaseResponse.swift */; };
		767455B928B8476F00CC1F21 /* GetFeedMessageUseCaseProtocol.swift in Sources */ = {isa = PBXBuildFile; fileRef = 767455B828B8476F00CC1F21 /* GetFeedMessageUseCaseProtocol.swift */; };
		767455BB28B8478A00CC1F21 /* GetUserInformationUseCase.swift in Sources */ = {isa = PBXBuildFile; fileRef = 767455BA28B8478A00CC1F21 /* GetUserInformationUseCase.swift */; };
		767455BD28B8479000CC1F21 /* GetUserInformationUseCaseProtocol.swift in Sources */ = {isa = PBXBuildFile; fileRef = 767455BC28B8479000CC1F21 /* GetUserInformationUseCaseProtocol.swift */; };
		767455BF28B8479A00CC1F21 /* GetUserInformationUseCaseResponse.swift in Sources */ = {isa = PBXBuildFile; fileRef = 767455BE28B8479A00CC1F21 /* GetUserInformationUseCaseResponse.swift */; };
		767455C128B847A500CC1F21 /* PostFeedMessageUseCase.swift in Sources */ = {isa = PBXBuildFile; fileRef = 767455C028B847A500CC1F21 /* PostFeedMessageUseCase.swift */; };
		767455C328B847AB00CC1F21 /* PostFeedMessageUseCaseProtocol.swift in Sources */ = {isa = PBXBuildFile; fileRef = 767455C228B847AB00CC1F21 /* PostFeedMessageUseCaseProtocol.swift */; };
		767455C528B847B100CC1F21 /* PostFeedMessageUseCaseResponse.swift in Sources */ = {isa = PBXBuildFile; fileRef = 767455C428B847B100CC1F21 /* PostFeedMessageUseCaseResponse.swift */; };
		767455C728B847B800CC1F21 /* PostFeedMessageUseCaseEntity.swift in Sources */ = {isa = PBXBuildFile; fileRef = 767455C628B847B800CC1F21 /* PostFeedMessageUseCaseEntity.swift */; };
		767455C928B847C500CC1F21 /* PutUserInformationUseCase.swift in Sources */ = {isa = PBXBuildFile; fileRef = 767455C828B847C500CC1F21 /* PutUserInformationUseCase.swift */; };
		767455CB28B847CB00CC1F21 /* PutUserInformationUseCaseEntity.swift in Sources */ = {isa = PBXBuildFile; fileRef = 767455CA28B847CB00CC1F21 /* PutUserInformationUseCaseEntity.swift */; };
		767455CD28B847D200CC1F21 /* PutUserInformationUseCaseProtocol.swift in Sources */ = {isa = PBXBuildFile; fileRef = 767455CC28B847D200CC1F21 /* PutUserInformationUseCaseProtocol.swift */; };
		767455CF28B847D900CC1F21 /* PutUserInformationUseCaseResponse.swift in Sources */ = {isa = PBXBuildFile; fileRef = 767455CE28B847D900CC1F21 /* PutUserInformationUseCaseResponse.swift */; };
		767455D428B863E200CC1F21 /* PSCircularButtonView.swift in Sources */ = {isa = PBXBuildFile; fileRef = 767455D328B863E200CC1F21 /* PSCircularButtonView.swift */; };
		767455D628B863E900CC1F21 /* PSTextView.swift in Sources */ = {isa = PBXBuildFile; fileRef = 767455D528B863E900CC1F21 /* PSTextView.swift */; };
		76A29CF928B899D700B0AC61 /* Graphik-Regular.ttf in Resources */ = {isa = PBXBuildFile; fileRef = 76A29CF728B894E800B0AC61 /* Graphik-Regular.ttf */; };
		76A29CFA28B899DB00B0AC61 /* Graphik-Medium.ttf in Resources */ = {isa = PBXBuildFile; fileRef = 76A29CF628B894E800B0AC61 /* Graphik-Medium.ttf */; };
		76A29CFB28B899DD00B0AC61 /* Graphik-Semibold.ttf in Resources */ = {isa = PBXBuildFile; fileRef = 76A29CF828B894E800B0AC61 /* Graphik-Semibold.ttf */; };
		76A29CFD28B902E300B0AC61 /* PSCircularButtonViewDelegate.swift in Sources */ = {isa = PBXBuildFile; fileRef = 76A29CFC28B902E300B0AC61 /* PSCircularButtonViewDelegate.swift */; };
		76A29CFF28B9037500B0AC61 /* PSTextViewDelegate.swift in Sources */ = {isa = PBXBuildFile; fileRef = 76A29CFE28B9037500B0AC61 /* PSTextViewDelegate.swift */; };
		76A29D0128B92FD300B0AC61 /* postFeedMessage.json in Resources */ = {isa = PBXBuildFile; fileRef = 76A29D0028B92FD300B0AC61 /* postFeedMessage.json */; };
		76A29D0628B9550000B0AC61 /* Localizable.strings in Resources */ = {isa = PBXBuildFile; fileRef = 76A29D0428B9550000B0AC61 /* Localizable.strings */; };
		76A29D0A28B9575400B0AC61 /* PSHomeDataView.swift in Sources */ = {isa = PBXBuildFile; fileRef = 76A29D0928B9575400B0AC61 /* PSHomeDataView.swift */; };
		76A29D0C28B9575F00B0AC61 /* PSHomeErrorView.swift in Sources */ = {isa = PBXBuildFile; fileRef = 76A29D0B28B9575F00B0AC61 /* PSHomeErrorView.swift */; };
		76A29D0E28B9579200B0AC61 /* PSHomeLoadView.swift in Sources */ = {isa = PBXBuildFile; fileRef = 76A29D0D28B9579200B0AC61 /* PSHomeLoadView.swift */; };
		76A29D1028B96F4900B0AC61 /* PSHomeTableViewCell.swift in Sources */ = {isa = PBXBuildFile; fileRef = 76A29D0F28B96F4900B0AC61 /* PSHomeTableViewCell.swift */; };
		76A29D1228B9731600B0AC61 /* Extension+NSObject.swift in Sources */ = {isa = PBXBuildFile; fileRef = 76A29D1128B9731600B0AC61 /* Extension+NSObject.swift */; };
		76A29D1528B97DA500B0AC61 /* PSFeedMessageView.swift in Sources */ = {isa = PBXBuildFile; fileRef = 76A29D1428B97DA500B0AC61 /* PSFeedMessageView.swift */; };
		76A29D1728B9973900B0AC61 /* PSHomeTableIsMeViewCell.swift in Sources */ = {isa = PBXBuildFile; fileRef = 76A29D1628B9973900B0AC61 /* PSHomeTableIsMeViewCell.swift */; };
		76A29D1A28B9A58D00B0AC61 /* PSLinkedMessageView.swift in Sources */ = {isa = PBXBuildFile; fileRef = 76A29D1928B9A58D00B0AC61 /* PSLinkedMessageView.swift */; };
		76A29D1C28B9ABE700B0AC61 /* PSLinkedMessageViewDelegate.swift in Sources */ = {isa = PBXBuildFile; fileRef = 76A29D1B28B9ABE700B0AC61 /* PSLinkedMessageViewDelegate.swift */; };
		76A29D1E28B9ADFC00B0AC61 /* PSHomeViewNewMessageEntity.swift in Sources */ = {isa = PBXBuildFile; fileRef = 76A29D1D28B9ADFC00B0AC61 /* PSHomeViewNewMessageEntity.swift */; };
/* End PBXBuildFile section */

/* Begin PBXContainerItemProxy section */
		7674552228B6FBEC00CC1F21 /* PBXContainerItemProxy */ = {
			isa = PBXContainerItemProxy;
			containerPortal = 7674550328B6FBEA00CC1F21 /* Project object */;
			proxyType = 1;
			remoteGlobalIDString = 7674550A28B6FBEA00CC1F21;
			remoteInfo = Posterr;
		};
/* End PBXContainerItemProxy section */

/* Begin PBXFileReference section */
		06123743F12346F5C922E47C /* Pods-PosterrTests.debug.xcconfig */ = {isa = PBXFileReference; includeInIndex = 1; lastKnownFileType = text.xcconfig; name = "Pods-PosterrTests.debug.xcconfig"; path = "Target Support Files/Pods-PosterrTests/Pods-PosterrTests.debug.xcconfig"; sourceTree = "<group>"; };
		148EDCD6E90DD60650804B61 /* Pods-Posterr.debug.xcconfig */ = {isa = PBXFileReference; includeInIndex = 1; lastKnownFileType = text.xcconfig; name = "Pods-Posterr.debug.xcconfig"; path = "Target Support Files/Pods-Posterr/Pods-Posterr.debug.xcconfig"; sourceTree = "<group>"; };
		260B56FC0E836241988A9B39 /* Pods-PosterrTests.release.xcconfig */ = {isa = PBXFileReference; includeInIndex = 1; lastKnownFileType = text.xcconfig; name = "Pods-PosterrTests.release.xcconfig"; path = "Target Support Files/Pods-PosterrTests/Pods-PosterrTests.release.xcconfig"; sourceTree = "<group>"; };
		5CE34C33B026AE3318325C8E /* libPods-PosterrTests.a */ = {isa = PBXFileReference; explicitFileType = archive.ar; includeInIndex = 0; path = "libPods-PosterrTests.a"; sourceTree = BUILT_PRODUCTS_DIR; };
		7674550B28B6FBEA00CC1F21 /* Posterr.app */ = {isa = PBXFileReference; explicitFileType = wrapper.application; includeInIndex = 0; path = Posterr.app; sourceTree = BUILT_PRODUCTS_DIR; };
		7674550E28B6FBEA00CC1F21 /* AppDelegate.swift */ = {isa = PBXFileReference; lastKnownFileType = sourcecode.swift; path = AppDelegate.swift; sourceTree = "<group>"; };
		7674551028B6FBEA00CC1F21 /* SceneDelegate.swift */ = {isa = PBXFileReference; lastKnownFileType = sourcecode.swift; path = SceneDelegate.swift; sourceTree = "<group>"; };
		7674551728B6FBEC00CC1F21 /* Colors.xcassets */ = {isa = PBXFileReference; lastKnownFileType = folder.assetcatalog; path = Colors.xcassets; sourceTree = "<group>"; };
		7674551C28B6FBEC00CC1F21 /* Info.plist */ = {isa = PBXFileReference; lastKnownFileType = text.plist.xml; path = Info.plist; sourceTree = "<group>"; };
		7674552128B6FBEC00CC1F21 /* PosterrTests.xctest */ = {isa = PBXFileReference; explicitFileType = wrapper.cfbundle; includeInIndex = 0; path = PosterrTests.xctest; sourceTree = BUILT_PRODUCTS_DIR; };
		7674552528B6FBEC00CC1F21 /* PosterrTests.swift */ = {isa = PBXFileReference; lastKnownFileType = sourcecode.swift; path = PosterrTests.swift; sourceTree = "<group>"; };
		7674555528B7021200CC1F21 /* PSUserProfileViewController.swift */ = {isa = PBXFileReference; fileEncoding = 4; lastKnownFileType = sourcecode.swift; path = PSUserProfileViewController.swift; sourceTree = "<group>"; };
		7674555628B7021200CC1F21 /* PSUserProfileViewModel.swift */ = {isa = PBXFileReference; fileEncoding = 4; lastKnownFileType = sourcecode.swift; path = PSUserProfileViewModel.swift; sourceTree = "<group>"; };
		7674555728B7021200CC1F21 /* PSUserProfileProtocol.swift */ = {isa = PBXFileReference; fileEncoding = 4; lastKnownFileType = sourcecode.swift; path = PSUserProfileProtocol.swift; sourceTree = "<group>"; };
		7674555B28B7021800CC1F21 /* PSUserProfileViewEntity.swift */ = {isa = PBXFileReference; fileEncoding = 4; lastKnownFileType = sourcecode.swift; path = PSUserProfileViewEntity.swift; sourceTree = "<group>"; };
		7674555D28B7021D00CC1F21 /* PSUserProfileView.swift */ = {isa = PBXFileReference; fileEncoding = 4; lastKnownFileType = sourcecode.swift; path = PSUserProfileView.swift; sourceTree = "<group>"; };
		7674555E28B7021D00CC1F21 /* PSUserProfileViewProtocol.swift */ = {isa = PBXFileReference; fileEncoding = 4; lastKnownFileType = sourcecode.swift; path = PSUserProfileViewProtocol.swift; sourceTree = "<group>"; };
		7674556128B7022800CC1F21 /* PSHomeViewController.swift */ = {isa = PBXFileReference; fileEncoding = 4; lastKnownFileType = sourcecode.swift; path = PSHomeViewController.swift; sourceTree = "<group>"; };
		7674556228B7022800CC1F21 /* PSHomeProtocol.swift */ = {isa = PBXFileReference; fileEncoding = 4; lastKnownFileType = sourcecode.swift; path = PSHomeProtocol.swift; sourceTree = "<group>"; };
		7674556328B7022800CC1F21 /* PSHomeViewModel.swift */ = {isa = PBXFileReference; fileEncoding = 4; lastKnownFileType = sourcecode.swift; path = PSHomeViewModel.swift; sourceTree = "<group>"; };
		7674556728B7022E00CC1F21 /* PSHomeViewEntity.swift */ = {isa = PBXFileReference; fileEncoding = 4; lastKnownFileType = sourcecode.swift; path = PSHomeViewEntity.swift; sourceTree = "<group>"; };
		7674556928B7023300CC1F21 /* PSHomeViewProtocol.swift */ = {isa = PBXFileReference; fileEncoding = 4; lastKnownFileType = sourcecode.swift; path = PSHomeViewProtocol.swift; sourceTree = "<group>"; };
		7674556A28B7023300CC1F21 /* PSHomeView.swift */ = {isa = PBXFileReference; fileEncoding = 4; lastKnownFileType = sourcecode.swift; path = PSHomeView.swift; sourceTree = "<group>"; };
		7674556E28B705BA00CC1F21 /* DependencyGraph.swift */ = {isa = PBXFileReference; lastKnownFileType = sourcecode.swift; path = DependencyGraph.swift; sourceTree = "<group>"; };
		7674557028B705C900CC1F21 /* FoudationAssembly.swift */ = {isa = PBXFileReference; lastKnownFileType = sourcecode.swift; path = FoudationAssembly.swift; sourceTree = "<group>"; };
		7674557228B705DC00CC1F21 /* ScenesAssembly.swift */ = {isa = PBXFileReference; lastKnownFileType = sourcecode.swift; path = ScenesAssembly.swift; sourceTree = "<group>"; };
		7674557428B705F500CC1F21 /* ScenesFactory.swift */ = {isa = PBXFileReference; lastKnownFileType = sourcecode.swift; path = ScenesFactory.swift; sourceTree = "<group>"; };
		7674557628B705FC00CC1F21 /* ScenesFactoryProtocol.swift */ = {isa = PBXFileReference; lastKnownFileType = sourcecode.swift; path = ScenesFactoryProtocol.swift; sourceTree = "<group>"; };
		7674557828B70C3800CC1F21 /* FlowController.swift */ = {isa = PBXFileReference; lastKnownFileType = sourcecode.swift; path = FlowController.swift; sourceTree = "<group>"; };
		7674557C28B8048C00CC1F21 /* Extension+UIColor.swift */ = {isa = PBXFileReference; lastKnownFileType = sourcecode.swift; path = "Extension+UIColor.swift"; sourceTree = "<group>"; };
		7674557E28B804BC00CC1F21 /* Extension+UIImage.swift */ = {isa = PBXFileReference; lastKnownFileType = sourcecode.swift; path = "Extension+UIImage.swift"; sourceTree = "<group>"; };
		7674558028B804CD00CC1F21 /* Images.xcassets */ = {isa = PBXFileReference; lastKnownFileType = folder.assetcatalog; path = Images.xcassets; sourceTree = "<group>"; };
		7674558328B8072300CC1F21 /* Extension+UIView.swift */ = {isa = PBXFileReference; lastKnownFileType = sourcecode.swift; path = "Extension+UIView.swift"; sourceTree = "<group>"; };
		7674558528B8086F00CC1F21 /* Main.storyboard */ = {isa = PBXFileReference; lastKnownFileType = file.storyboard; path = Main.storyboard; sourceTree = "<group>"; };
		7674558928B82A4400CC1F21 /* RequestProtocol.swift */ = {isa = PBXFileReference; lastKnownFileType = sourcecode.swift; path = RequestProtocol.swift; sourceTree = "<group>"; };
		7674558B28B82A4E00CC1F21 /* NetworkingRequestMethod.swift */ = {isa = PBXFileReference; lastKnownFileType = sourcecode.swift; path = NetworkingRequestMethod.swift; sourceTree = "<group>"; };
		7674558D28B82A9F00CC1F21 /* NetworkOperationProtocol.swift */ = {isa = PBXFileReference; lastKnownFileType = sourcecode.swift; path = NetworkOperationProtocol.swift; sourceTree = "<group>"; };
		7674558F28B82AA900CC1F21 /* NetworkOperationError.swift */ = {isa = PBXFileReference; lastKnownFileType = sourcecode.swift; path = NetworkOperationError.swift; sourceTree = "<group>"; };
		7674559128B82AB200CC1F21 /* NetworkOperation.swift */ = {isa = PBXFileReference; lastKnownFileType = sourcecode.swift; path = NetworkOperation.swift; sourceTree = "<group>"; };
		7674559328B82AC500CC1F21 /* NetworkOperationDefaultParameters.swift */ = {isa = PBXFileReference; lastKnownFileType = sourcecode.swift; path = NetworkOperationDefaultParameters.swift; sourceTree = "<group>"; };
		7674559728B831B700CC1F21 /* FeedRequest.swift */ = {isa = PBXFileReference; lastKnownFileType = sourcecode.swift; path = FeedRequest.swift; sourceTree = "<group>"; };
		7674559A28B8337700CC1F21 /* getFeed.json */ = {isa = PBXFileReference; fileEncoding = 4; lastKnownFileType = text.json; path = getFeed.json; sourceTree = "<group>"; };
		7674559B28B8337700CC1F21 /* getUserInformation.json */ = {isa = PBXFileReference; fileEncoding = 4; lastKnownFileType = text.json; path = getUserInformation.json; sourceTree = "<group>"; };
		767455A228B83A1800CC1F21 /* putUserInformation.json */ = {isa = PBXFileReference; fileEncoding = 4; lastKnownFileType = text.json; path = putUserInformation.json; sourceTree = "<group>"; };
		767455A528B83AC100CC1F21 /* PSMetrics.swift */ = {isa = PBXFileReference; lastKnownFileType = sourcecode.swift; path = PSMetrics.swift; sourceTree = "<group>"; };
		767455A828B83B3800CC1F21 /* PSFontSize.swift */ = {isa = PBXFileReference; lastKnownFileType = sourcecode.swift; path = PSFontSize.swift; sourceTree = "<group>"; };
		767455AE28B83BEA00CC1F21 /* Extension+UIFont.swift */ = {isa = PBXFileReference; lastKnownFileType = sourcecode.swift; path = "Extension+UIFont.swift"; sourceTree = "<group>"; };
		767455B028B83C7700CC1F21 /* PSFontStyle.swift */ = {isa = PBXFileReference; lastKnownFileType = sourcecode.swift; path = PSFontStyle.swift; sourceTree = "<group>"; };
		767455B228B8475800CC1F21 /* GetFeedMessageUseCase.swift */ = {isa = PBXFileReference; lastKnownFileType = sourcecode.swift; path = GetFeedMessageUseCase.swift; sourceTree = "<group>"; };
		767455B428B8475E00CC1F21 /* GetFeedMessageUseCaseResponse.swift */ = {isa = PBXFileReference; lastKnownFileType = sourcecode.swift; path = GetFeedMessageUseCaseResponse.swift; sourceTree = "<group>"; };
		767455B828B8476F00CC1F21 /* GetFeedMessageUseCaseProtocol.swift */ = {isa = PBXFileReference; lastKnownFileType = sourcecode.swift; path = GetFeedMessageUseCaseProtocol.swift; sourceTree = "<group>"; };
		767455BA28B8478A00CC1F21 /* GetUserInformationUseCase.swift */ = {isa = PBXFileReference; lastKnownFileType = sourcecode.swift; path = GetUserInformationUseCase.swift; sourceTree = "<group>"; };
		767455BC28B8479000CC1F21 /* GetUserInformationUseCaseProtocol.swift */ = {isa = PBXFileReference; lastKnownFileType = sourcecode.swift; path = GetUserInformationUseCaseProtocol.swift; sourceTree = "<group>"; };
		767455BE28B8479A00CC1F21 /* GetUserInformationUseCaseResponse.swift */ = {isa = PBXFileReference; lastKnownFileType = sourcecode.swift; path = GetUserInformationUseCaseResponse.swift; sourceTree = "<group>"; };
		767455C028B847A500CC1F21 /* PostFeedMessageUseCase.swift */ = {isa = PBXFileReference; lastKnownFileType = sourcecode.swift; path = PostFeedMessageUseCase.swift; sourceTree = "<group>"; };
		767455C228B847AB00CC1F21 /* PostFeedMessageUseCaseProtocol.swift */ = {isa = PBXFileReference; lastKnownFileType = sourcecode.swift; path = PostFeedMessageUseCaseProtocol.swift; sourceTree = "<group>"; };
		767455C428B847B100CC1F21 /* PostFeedMessageUseCaseResponse.swift */ = {isa = PBXFileReference; lastKnownFileType = sourcecode.swift; path = PostFeedMessageUseCaseResponse.swift; sourceTree = "<group>"; };
		767455C628B847B800CC1F21 /* PostFeedMessageUseCaseEntity.swift */ = {isa = PBXFileReference; lastKnownFileType = sourcecode.swift; path = PostFeedMessageUseCaseEntity.swift; sourceTree = "<group>"; };
		767455C828B847C500CC1F21 /* PutUserInformationUseCase.swift */ = {isa = PBXFileReference; lastKnownFileType = sourcecode.swift; path = PutUserInformationUseCase.swift; sourceTree = "<group>"; };
		767455CA28B847CB00CC1F21 /* PutUserInformationUseCaseEntity.swift */ = {isa = PBXFileReference; lastKnownFileType = sourcecode.swift; path = PutUserInformationUseCaseEntity.swift; sourceTree = "<group>"; };
		767455CC28B847D200CC1F21 /* PutUserInformationUseCaseProtocol.swift */ = {isa = PBXFileReference; lastKnownFileType = sourcecode.swift; path = PutUserInformationUseCaseProtocol.swift; sourceTree = "<group>"; };
		767455CE28B847D900CC1F21 /* PutUserInformationUseCaseResponse.swift */ = {isa = PBXFileReference; lastKnownFileType = sourcecode.swift; path = PutUserInformationUseCaseResponse.swift; sourceTree = "<group>"; };
		767455D328B863E200CC1F21 /* PSCircularButtonView.swift */ = {isa = PBXFileReference; lastKnownFileType = sourcecode.swift; path = PSCircularButtonView.swift; sourceTree = "<group>"; };
		767455D528B863E900CC1F21 /* PSTextView.swift */ = {isa = PBXFileReference; lastKnownFileType = sourcecode.swift; path = PSTextView.swift; sourceTree = "<group>"; };
		76A29CF628B894E800B0AC61 /* Graphik-Medium.ttf */ = {isa = PBXFileReference; lastKnownFileType = file; path = "Graphik-Medium.ttf"; sourceTree = "<group>"; };
		76A29CF728B894E800B0AC61 /* Graphik-Regular.ttf */ = {isa = PBXFileReference; lastKnownFileType = file; path = "Graphik-Regular.ttf"; sourceTree = "<group>"; };
		76A29CF828B894E800B0AC61 /* Graphik-Semibold.ttf */ = {isa = PBXFileReference; lastKnownFileType = file; path = "Graphik-Semibold.ttf"; sourceTree = "<group>"; };
		76A29CFC28B902E300B0AC61 /* PSCircularButtonViewDelegate.swift */ = {isa = PBXFileReference; lastKnownFileType = sourcecode.swift; path = PSCircularButtonViewDelegate.swift; sourceTree = "<group>"; };
		76A29CFE28B9037500B0AC61 /* PSTextViewDelegate.swift */ = {isa = PBXFileReference; lastKnownFileType = sourcecode.swift; path = PSTextViewDelegate.swift; sourceTree = "<group>"; };
		76A29D0028B92FD300B0AC61 /* postFeedMessage.json */ = {isa = PBXFileReference; fileEncoding = 4; lastKnownFileType = text.json; path = postFeedMessage.json; sourceTree = "<group>"; };
		76A29D0528B9550000B0AC61 /* pt-BR */ = {isa = PBXFileReference; lastKnownFileType = text.plist.strings; name = "pt-BR"; path = Localizable.strings; sourceTree = "<group>"; };
		76A29D0928B9575400B0AC61 /* PSHomeDataView.swift */ = {isa = PBXFileReference; lastKnownFileType = sourcecode.swift; path = PSHomeDataView.swift; sourceTree = "<group>"; };
		76A29D0B28B9575F00B0AC61 /* PSHomeErrorView.swift */ = {isa = PBXFileReference; lastKnownFileType = sourcecode.swift; path = PSHomeErrorView.swift; sourceTree = "<group>"; };
		76A29D0D28B9579200B0AC61 /* PSHomeLoadView.swift */ = {isa = PBXFileReference; lastKnownFileType = sourcecode.swift; path = PSHomeLoadView.swift; sourceTree = "<group>"; };
		76A29D0F28B96F4900B0AC61 /* PSHomeTableViewCell.swift */ = {isa = PBXFileReference; lastKnownFileType = sourcecode.swift; path = PSHomeTableViewCell.swift; sourceTree = "<group>"; };
		76A29D1128B9731600B0AC61 /* Extension+NSObject.swift */ = {isa = PBXFileReference; lastKnownFileType = sourcecode.swift; path = "Extension+NSObject.swift"; sourceTree = "<group>"; };
		76A29D1428B97DA500B0AC61 /* PSFeedMessageView.swift */ = {isa = PBXFileReference; lastKnownFileType = sourcecode.swift; path = PSFeedMessageView.swift; sourceTree = "<group>"; };
		76A29D1628B9973900B0AC61 /* PSHomeTableIsMeViewCell.swift */ = {isa = PBXFileReference; lastKnownFileType = sourcecode.swift; path = PSHomeTableIsMeViewCell.swift; sourceTree = "<group>"; };
		76A29D1928B9A58D00B0AC61 /* PSLinkedMessageView.swift */ = {isa = PBXFileReference; lastKnownFileType = sourcecode.swift; path = PSLinkedMessageView.swift; sourceTree = "<group>"; };
		76A29D1B28B9ABE700B0AC61 /* PSLinkedMessageViewDelegate.swift */ = {isa = PBXFileReference; lastKnownFileType = sourcecode.swift; path = PSLinkedMessageViewDelegate.swift; sourceTree = "<group>"; };
		76A29D1D28B9ADFC00B0AC61 /* PSHomeViewNewMessageEntity.swift */ = {isa = PBXFileReference; lastKnownFileType = sourcecode.swift; path = PSHomeViewNewMessageEntity.swift; sourceTree = "<group>"; };
		7A5802BA81B8C861BDFF54F3 /* Pods-PosterrUITests.debug.xcconfig */ = {isa = PBXFileReference; includeInIndex = 1; lastKnownFileType = text.xcconfig; name = "Pods-PosterrUITests.debug.xcconfig"; path = "Target Support Files/Pods-PosterrUITests/Pods-PosterrUITests.debug.xcconfig"; sourceTree = "<group>"; };
		96E0DE7C3074C56407CD9D80 /* libPods-PosterrUITests.a */ = {isa = PBXFileReference; explicitFileType = archive.ar; includeInIndex = 0; path = "libPods-PosterrUITests.a"; sourceTree = BUILT_PRODUCTS_DIR; };
		D1DB91AA84ECAC0FC0D4A324 /* libPods-Posterr.a */ = {isa = PBXFileReference; explicitFileType = archive.ar; includeInIndex = 0; path = "libPods-Posterr.a"; sourceTree = BUILT_PRODUCTS_DIR; };
		DDE7193FA7BE69730662D366 /* Pods-Posterr.release.xcconfig */ = {isa = PBXFileReference; includeInIndex = 1; lastKnownFileType = text.xcconfig; name = "Pods-Posterr.release.xcconfig"; path = "Target Support Files/Pods-Posterr/Pods-Posterr.release.xcconfig"; sourceTree = "<group>"; };
		F9A62968B99C2F9BCB6AD6EF /* Pods-PosterrUITests.release.xcconfig */ = {isa = PBXFileReference; includeInIndex = 1; lastKnownFileType = text.xcconfig; name = "Pods-PosterrUITests.release.xcconfig"; path = "Target Support Files/Pods-PosterrUITests/Pods-PosterrUITests.release.xcconfig"; sourceTree = "<group>"; };
/* End PBXFileReference section */

/* Begin PBXFrameworksBuildPhase section */
		7674550828B6FBEA00CC1F21 /* Frameworks */ = {
			isa = PBXFrameworksBuildPhase;
			buildActionMask = 2147483647;
			files = (
				5145B9CF247FDEE15D401A1B /* libPods-Posterr.a in Frameworks */,
			);
			runOnlyForDeploymentPostprocessing = 0;
		};
		7674551E28B6FBEC00CC1F21 /* Frameworks */ = {
			isa = PBXFrameworksBuildPhase;
			buildActionMask = 2147483647;
			files = (
				55EB7CAB1FB884ECA1C7D659 /* libPods-PosterrTests.a in Frameworks */,
			);
			runOnlyForDeploymentPostprocessing = 0;
		};
/* End PBXFrameworksBuildPhase section */

/* Begin PBXGroup section */
		4262141214964AF74E2401EE /* Frameworks */ = {
			isa = PBXGroup;
			children = (
				D1DB91AA84ECAC0FC0D4A324 /* libPods-Posterr.a */,
				5CE34C33B026AE3318325C8E /* libPods-PosterrTests.a */,
				96E0DE7C3074C56407CD9D80 /* libPods-PosterrUITests.a */,
			);
			name = Frameworks;
			sourceTree = "<group>";
		};
		48CB0348532C5AE97B250552 /* Pods */ = {
			isa = PBXGroup;
			children = (
				148EDCD6E90DD60650804B61 /* Pods-Posterr.debug.xcconfig */,
				DDE7193FA7BE69730662D366 /* Pods-Posterr.release.xcconfig */,
				06123743F12346F5C922E47C /* Pods-PosterrTests.debug.xcconfig */,
				260B56FC0E836241988A9B39 /* Pods-PosterrTests.release.xcconfig */,
				7A5802BA81B8C861BDFF54F3 /* Pods-PosterrUITests.debug.xcconfig */,
				F9A62968B99C2F9BCB6AD6EF /* Pods-PosterrUITests.release.xcconfig */,
			);
			path = Pods;
			sourceTree = "<group>";
		};
		7674550228B6FBEA00CC1F21 = {
			isa = PBXGroup;
			children = (
				7674550D28B6FBEA00CC1F21 /* Posterr */,
				7674552428B6FBEC00CC1F21 /* PosterrTests */,
				7674550C28B6FBEA00CC1F21 /* Products */,
				48CB0348532C5AE97B250552 /* Pods */,
				4262141214964AF74E2401EE /* Frameworks */,
			);
			sourceTree = "<group>";
		};
		7674550C28B6FBEA00CC1F21 /* Products */ = {
			isa = PBXGroup;
			children = (
				7674550B28B6FBEA00CC1F21 /* Posterr.app */,
				7674552128B6FBEC00CC1F21 /* PosterrTests.xctest */,
			);
			name = Products;
			sourceTree = "<group>";
		};
		7674550D28B6FBEA00CC1F21 /* Posterr */ = {
			isa = PBXGroup;
			children = (
				7674553E28B6FED600CC1F21 /* App */,
				7674553F28B6FF0700CC1F21 /* Foundation */,
				7674554028B6FF1000CC1F21 /* DependencyInjection */,
				7674554128B6FF1900CC1F21 /* FlowController */,
				7674554228B6FF2400CC1F21 /* Services */,
				7674554328B6FF3600CC1F21 /* UIKit */,
				7674554428B6FF4700CC1F21 /* Scenes */,
			);
			path = Posterr;
			sourceTree = "<group>";
		};
		7674552428B6FBEC00CC1F21 /* PosterrTests */ = {
			isa = PBXGroup;
			children = (
				7674552528B6FBEC00CC1F21 /* PosterrTests.swift */,
			);
			path = PosterrTests;
			sourceTree = "<group>";
		};
		7674553E28B6FED600CC1F21 /* App */ = {
			isa = PBXGroup;
			children = (
				7674551C28B6FBEC00CC1F21 /* Info.plist */,
				7674550E28B6FBEA00CC1F21 /* AppDelegate.swift */,
				7674551028B6FBEA00CC1F21 /* SceneDelegate.swift */,
				7674558528B8086F00CC1F21 /* Main.storyboard */,
			);
			path = App;
			sourceTree = "<group>";
		};
		7674553F28B6FF0700CC1F21 /* Foundation */ = {
			isa = PBXGroup;
			children = (
				7674558728B829FB00CC1F21 /* Requests */,
				7674558828B82A0000CC1F21 /* Networking */,
			);
			path = Foundation;
			sourceTree = "<group>";
		};
		7674554028B6FF1000CC1F21 /* DependencyInjection */ = {
			isa = PBXGroup;
			children = (
				7674556D28B7057F00CC1F21 /* Modules */,
				7674557028B705C900CC1F21 /* FoudationAssembly.swift */,
				7674557228B705DC00CC1F21 /* ScenesAssembly.swift */,
				7674556E28B705BA00CC1F21 /* DependencyGraph.swift */,
			);
			path = DependencyInjection;
			sourceTree = "<group>";
		};
		7674554128B6FF1900CC1F21 /* FlowController */ = {
			isa = PBXGroup;
			children = (
				7674557828B70C3800CC1F21 /* FlowController.swift */,
			);
			path = FlowController;
			sourceTree = "<group>";
		};
		7674554228B6FF2400CC1F21 /* Services */ = {
			isa = PBXGroup;
			children = (
				7674559528B8315F00CC1F21 /* Requests */,
				7674559628B8316B00CC1F21 /* UseCases */,
				7674559928B832BB00CC1F21 /* Mocks */,
			);
			path = Services;
			sourceTree = "<group>";
		};
		7674554328B6FF3600CC1F21 /* UIKit */ = {
			isa = PBXGroup;
			children = (
				76A29D0228B9545500B0AC61 /* Localized */,
				7674557A28B8046C00CC1F21 /* Colors */,
				767455D028B8631900CC1F21 /* Components */,
				7674558228B8071700CC1F21 /* Extensions */,
				767455A728B83B2400CC1F21 /* Fonts */,
				7674557B28B8047000CC1F21 /* Images */,
				767455A428B83AB300CC1F21 /* Metrics */,
			);
			path = UIKit;
			sourceTree = "<group>";
		};
		7674554428B6FF4700CC1F21 /* Scenes */ = {
			isa = PBXGroup;
			children = (
				7674554F28B7014B00CC1F21 /* PSHome */,
				7674555228B7016600CC1F21 /* PSUserProfile */,
			);
			path = Scenes;
			sourceTree = "<group>";
		};
		7674554F28B7014B00CC1F21 /* PSHome */ = {
			isa = PBXGroup;
			children = (
				7674555028B7015800CC1F21 /* Content */,
				76A29D0728B9566200B0AC61 /* Components */,
				7674555128B7015D00CC1F21 /* Entity */,
				7674556228B7022800CC1F21 /* PSHomeProtocol.swift */,
				7674556128B7022800CC1F21 /* PSHomeViewController.swift */,
				7674556328B7022800CC1F21 /* PSHomeViewModel.swift */,
			);
			path = PSHome;
			sourceTree = "<group>";
		};
		7674555028B7015800CC1F21 /* Content */ = {
			isa = PBXGroup;
			children = (
				7674556A28B7023300CC1F21 /* PSHomeView.swift */,
				7674556928B7023300CC1F21 /* PSHomeViewProtocol.swift */,
			);
			path = Content;
			sourceTree = "<group>";
		};
		7674555128B7015D00CC1F21 /* Entity */ = {
			isa = PBXGroup;
			children = (
				7674556728B7022E00CC1F21 /* PSHomeViewEntity.swift */,
				76A29D1D28B9ADFC00B0AC61 /* PSHomeViewNewMessageEntity.swift */,
			);
			path = Entity;
			sourceTree = "<group>";
		};
		7674555228B7016600CC1F21 /* PSUserProfile */ = {
			isa = PBXGroup;
			children = (
				7674555428B7017400CC1F21 /* Content */,
				7674555328B7016E00CC1F21 /* Entity */,
				7674555728B7021200CC1F21 /* PSUserProfileProtocol.swift */,
				7674555528B7021200CC1F21 /* PSUserProfileViewController.swift */,
				7674555628B7021200CC1F21 /* PSUserProfileViewModel.swift */,
			);
			path = PSUserProfile;
			sourceTree = "<group>";
		};
		7674555328B7016E00CC1F21 /* Entity */ = {
			isa = PBXGroup;
			children = (
				7674555B28B7021800CC1F21 /* PSUserProfileViewEntity.swift */,
			);
			path = Entity;
			sourceTree = "<group>";
		};
		7674555428B7017400CC1F21 /* Content */ = {
			isa = PBXGroup;
			children = (
				7674555D28B7021D00CC1F21 /* PSUserProfileView.swift */,
				7674555E28B7021D00CC1F21 /* PSUserProfileViewProtocol.swift */,
			);
			path = Content;
			sourceTree = "<group>";
		};
		7674556D28B7057F00CC1F21 /* Modules */ = {
			isa = PBXGroup;
			children = (
				7674557428B705F500CC1F21 /* ScenesFactory.swift */,
				7674557628B705FC00CC1F21 /* ScenesFactoryProtocol.swift */,
			);
			path = Modules;
			sourceTree = "<group>";
		};
		7674557A28B8046C00CC1F21 /* Colors */ = {
			isa = PBXGroup;
			children = (
				7674551728B6FBEC00CC1F21 /* Colors.xcassets */,
				7674557C28B8048C00CC1F21 /* Extension+UIColor.swift */,
			);
			path = Colors;
			sourceTree = "<group>";
		};
		7674557B28B8047000CC1F21 /* Images */ = {
			isa = PBXGroup;
			children = (
				7674558028B804CD00CC1F21 /* Images.xcassets */,
				7674557E28B804BC00CC1F21 /* Extension+UIImage.swift */,
			);
			path = Images;
			sourceTree = "<group>";
		};
		7674558228B8071700CC1F21 /* Extensions */ = {
			isa = PBXGroup;
			children = (
				7674558328B8072300CC1F21 /* Extension+UIView.swift */,
				76A29D1128B9731600B0AC61 /* Extension+NSObject.swift */,
			);
			path = Extensions;
			sourceTree = "<group>";
		};
		7674558728B829FB00CC1F21 /* Requests */ = {
			isa = PBXGroup;
			children = (
				7674558928B82A4400CC1F21 /* RequestProtocol.swift */,
				7674558B28B82A4E00CC1F21 /* NetworkingRequestMethod.swift */,
			);
			path = Requests;
			sourceTree = "<group>";
		};
		7674558828B82A0000CC1F21 /* Networking */ = {
			isa = PBXGroup;
			children = (
				7674558D28B82A9F00CC1F21 /* NetworkOperationProtocol.swift */,
				7674558F28B82AA900CC1F21 /* NetworkOperationError.swift */,
				7674559128B82AB200CC1F21 /* NetworkOperation.swift */,
				7674559328B82AC500CC1F21 /* NetworkOperationDefaultParameters.swift */,
			);
			path = Networking;
			sourceTree = "<group>";
		};
		7674559528B8315F00CC1F21 /* Requests */ = {
			isa = PBXGroup;
			children = (
				7674559728B831B700CC1F21 /* FeedRequest.swift */,
			);
			path = Requests;
			sourceTree = "<group>";
		};
		7674559628B8316B00CC1F21 /* UseCases */ = {
			isa = PBXGroup;
			children = (
				7674559E28B8368200CC1F21 /* GetFeedMessageUseCase */,
				7674559F28B8369600CC1F21 /* GetUserInformationUseCase */,
				767455A028B836A100CC1F21 /* PostFeedMessageUseCase */,
				767455A128B836B000CC1F21 /* PutUserInformationUseCase */,
			);
			path = UseCases;
			sourceTree = "<group>";
		};
		7674559928B832BB00CC1F21 /* Mocks */ = {
			isa = PBXGroup;
			children = (
				7674559A28B8337700CC1F21 /* getFeed.json */,
				7674559B28B8337700CC1F21 /* getUserInformation.json */,
				76A29D0028B92FD300B0AC61 /* postFeedMessage.json */,
				767455A228B83A1800CC1F21 /* putUserInformation.json */,
			);
			path = Mocks;
			sourceTree = "<group>";
		};
		7674559E28B8368200CC1F21 /* GetFeedMessageUseCase */ = {
			isa = PBXGroup;
			children = (
				767455B228B8475800CC1F21 /* GetFeedMessageUseCase.swift */,
				767455B828B8476F00CC1F21 /* GetFeedMessageUseCaseProtocol.swift */,
				767455B428B8475E00CC1F21 /* GetFeedMessageUseCaseResponse.swift */,
			);
			path = GetFeedMessageUseCase;
			sourceTree = "<group>";
		};
		7674559F28B8369600CC1F21 /* GetUserInformationUseCase */ = {
			isa = PBXGroup;
			children = (
				767455BA28B8478A00CC1F21 /* GetUserInformationUseCase.swift */,
				767455BC28B8479000CC1F21 /* GetUserInformationUseCaseProtocol.swift */,
				767455BE28B8479A00CC1F21 /* GetUserInformationUseCaseResponse.swift */,
			);
			path = GetUserInformationUseCase;
			sourceTree = "<group>";
		};
		767455A028B836A100CC1F21 /* PostFeedMessageUseCase */ = {
			isa = PBXGroup;
			children = (
				767455C028B847A500CC1F21 /* PostFeedMessageUseCase.swift */,
				767455C628B847B800CC1F21 /* PostFeedMessageUseCaseEntity.swift */,
				767455C228B847AB00CC1F21 /* PostFeedMessageUseCaseProtocol.swift */,
				767455C428B847B100CC1F21 /* PostFeedMessageUseCaseResponse.swift */,
			);
			path = PostFeedMessageUseCase;
			sourceTree = "<group>";
		};
		767455A128B836B000CC1F21 /* PutUserInformationUseCase */ = {
			isa = PBXGroup;
			children = (
				767455C828B847C500CC1F21 /* PutUserInformationUseCase.swift */,
				767455CA28B847CB00CC1F21 /* PutUserInformationUseCaseEntity.swift */,
				767455CC28B847D200CC1F21 /* PutUserInformationUseCaseProtocol.swift */,
				767455CE28B847D900CC1F21 /* PutUserInformationUseCaseResponse.swift */,
			);
			path = PutUserInformationUseCase;
			sourceTree = "<group>";
		};
		767455A428B83AB300CC1F21 /* Metrics */ = {
			isa = PBXGroup;
			children = (
				767455A528B83AC100CC1F21 /* PSMetrics.swift */,
			);
			path = Metrics;
			sourceTree = "<group>";
		};
		767455A728B83B2400CC1F21 /* Fonts */ = {
			isa = PBXGroup;
			children = (
				767455AA28B83BAC00CC1F21 /* Fonts */,
				767455A828B83B3800CC1F21 /* PSFontSize.swift */,
				767455AE28B83BEA00CC1F21 /* Extension+UIFont.swift */,
				767455B028B83C7700CC1F21 /* PSFontStyle.swift */,
			);
			path = Fonts;
			sourceTree = "<group>";
		};
		767455AA28B83BAC00CC1F21 /* Fonts */ = {
			isa = PBXGroup;
			children = (
				76A29CF628B894E800B0AC61 /* Graphik-Medium.ttf */,
				76A29CF728B894E800B0AC61 /* Graphik-Regular.ttf */,
				76A29CF828B894E800B0AC61 /* Graphik-Semibold.ttf */,
			);
			path = Fonts;
			sourceTree = "<group>";
		};
		767455D028B8631900CC1F21 /* Components */ = {
			isa = PBXGroup;
			children = (
				76A29D1828B9A57100B0AC61 /* PSLinkedMessageView */,
				76A29D1328B97D9100B0AC61 /* PSFeedMessageView */,
				767455D128B8632400CC1F21 /* PSCircularButtonView */,
				767455D228B8632E00CC1F21 /* PSTextView */,
			);
			path = Components;
			sourceTree = "<group>";
		};
		767455D128B8632400CC1F21 /* PSCircularButtonView */ = {
			isa = PBXGroup;
			children = (
				767455D328B863E200CC1F21 /* PSCircularButtonView.swift */,
				76A29CFC28B902E300B0AC61 /* PSCircularButtonViewDelegate.swift */,
			);
			path = PSCircularButtonView;
			sourceTree = "<group>";
		};
		767455D228B8632E00CC1F21 /* PSTextView */ = {
			isa = PBXGroup;
			children = (
				767455D528B863E900CC1F21 /* PSTextView.swift */,
				76A29CFE28B9037500B0AC61 /* PSTextViewDelegate.swift */,
			);
			path = PSTextView;
			sourceTree = "<group>";
		};
		76A29D0228B9545500B0AC61 /* Localized */ = {
			isa = PBXGroup;
			children = (
				76A29D0328B954E600B0AC61 /* pt-BR.lproj */,
			);
			path = Localized;
			sourceTree = "<group>";
		};
		76A29D0328B954E600B0AC61 /* pt-BR.lproj */ = {
			isa = PBXGroup;
			children = (
				76A29D0428B9550000B0AC61 /* Localizable.strings */,
			);
			path = "pt-BR.lproj";
			sourceTree = "<group>";
		};
		76A29D0728B9566200B0AC61 /* Components */ = {
			isa = PBXGroup;
			children = (
				76A29D0928B9575400B0AC61 /* PSHomeDataView.swift */,
				76A29D0D28B9579200B0AC61 /* PSHomeLoadView.swift */,
				76A29D0B28B9575F00B0AC61 /* PSHomeErrorView.swift */,
				76A29D0F28B96F4900B0AC61 /* PSHomeTableViewCell.swift */,
				76A29D1628B9973900B0AC61 /* PSHomeTableIsMeViewCell.swift */,
			);
			path = Components;
			sourceTree = "<group>";
		};
		76A29D1328B97D9100B0AC61 /* PSFeedMessageView */ = {
			isa = PBXGroup;
			children = (
				76A29D1428B97DA500B0AC61 /* PSFeedMessageView.swift */,
			);
			path = PSFeedMessageView;
			sourceTree = "<group>";
		};
		76A29D1828B9A57100B0AC61 /* PSLinkedMessageView */ = {
			isa = PBXGroup;
			children = (
				76A29D1928B9A58D00B0AC61 /* PSLinkedMessageView.swift */,
				76A29D1B28B9ABE700B0AC61 /* PSLinkedMessageViewDelegate.swift */,
			);
			path = PSLinkedMessageView;
			sourceTree = "<group>";
		};
/* End PBXGroup section */

/* Begin PBXNativeTarget section */
		7674550A28B6FBEA00CC1F21 /* Posterr */ = {
			isa = PBXNativeTarget;
			buildConfigurationList = 7674553528B6FBEC00CC1F21 /* Build configuration list for PBXNativeTarget "Posterr" */;
			buildPhases = (
				3DC8CFA1434007DB70B8AEB0 /* [CP] Check Pods Manifest.lock */,
				7674550728B6FBEA00CC1F21 /* Sources */,
				7674550828B6FBEA00CC1F21 /* Frameworks */,
				7674550928B6FBEA00CC1F21 /* Resources */,
			);
			buildRules = (
			);
			dependencies = (
			);
			name = Posterr;
			productName = Posterr;
			productReference = 7674550B28B6FBEA00CC1F21 /* Posterr.app */;
			productType = "com.apple.product-type.application";
		};
		7674552028B6FBEC00CC1F21 /* PosterrTests */ = {
			isa = PBXNativeTarget;
			buildConfigurationList = 7674553828B6FBEC00CC1F21 /* Build configuration list for PBXNativeTarget "PosterrTests" */;
			buildPhases = (
				0B00DEA39759CB66A6A1B0C8 /* [CP] Check Pods Manifest.lock */,
				7674551D28B6FBEC00CC1F21 /* Sources */,
				7674551E28B6FBEC00CC1F21 /* Frameworks */,
				7674551F28B6FBEC00CC1F21 /* Resources */,
			);
			buildRules = (
			);
			dependencies = (
				7674552328B6FBEC00CC1F21 /* PBXTargetDependency */,
			);
			name = PosterrTests;
			productName = PosterrTests;
			productReference = 7674552128B6FBEC00CC1F21 /* PosterrTests.xctest */;
			productType = "com.apple.product-type.bundle.unit-test";
		};
/* End PBXNativeTarget section */

/* Begin PBXProject section */
		7674550328B6FBEA00CC1F21 /* Project object */ = {
			isa = PBXProject;
			attributes = {
				BuildIndependentTargetsInParallel = 1;
				LastSwiftUpdateCheck = 1340;
				LastUpgradeCheck = 1340;
				TargetAttributes = {
					7674550A28B6FBEA00CC1F21 = {
						CreatedOnToolsVersion = 13.4.1;
					};
					7674552028B6FBEC00CC1F21 = {
						CreatedOnToolsVersion = 13.4.1;
						TestTargetID = 7674550A28B6FBEA00CC1F21;
					};
				};
			};
			buildConfigurationList = 7674550628B6FBEA00CC1F21 /* Build configuration list for PBXProject "Posterr" */;
			compatibilityVersion = "Xcode 13.0";
			developmentRegion = en;
			hasScannedForEncodings = 0;
			knownRegions = (
				en,
				Base,
				"pt-BR",
			);
			mainGroup = 7674550228B6FBEA00CC1F21;
			productRefGroup = 7674550C28B6FBEA00CC1F21 /* Products */;
			projectDirPath = "";
			projectRoot = "";
			targets = (
				7674550A28B6FBEA00CC1F21 /* Posterr */,
				7674552028B6FBEC00CC1F21 /* PosterrTests */,
			);
		};
/* End PBXProject section */

/* Begin PBXResourcesBuildPhase section */
		7674550928B6FBEA00CC1F21 /* Resources */ = {
			isa = PBXResourcesBuildPhase;
			buildActionMask = 2147483647;
			files = (
				7674559C28B8337700CC1F21 /* getFeed.json in Resources */,
				767455A328B83A1800CC1F21 /* putUserInformation.json in Resources */,
				76A29D0628B9550000B0AC61 /* Localizable.strings in Resources */,
				76A29CFB28B899DD00B0AC61 /* Graphik-Semibold.ttf in Resources */,
				76A29CFA28B899DB00B0AC61 /* Graphik-Medium.ttf in Resources */,
				7674559D28B8337700CC1F21 /* getUserInformation.json in Resources */,
				76A29CF928B899D700B0AC61 /* Graphik-Regular.ttf in Resources */,
				7674558628B8086F00CC1F21 /* Main.storyboard in Resources */,
				7674558128B804CD00CC1F21 /* Images.xcassets in Resources */,
				7674551828B6FBEC00CC1F21 /* Colors.xcassets in Resources */,
				76A29D0128B92FD300B0AC61 /* postFeedMessage.json in Resources */,
			);
			runOnlyForDeploymentPostprocessing = 0;
		};
		7674551F28B6FBEC00CC1F21 /* Resources */ = {
			isa = PBXResourcesBuildPhase;
			buildActionMask = 2147483647;
			files = (
			);
			runOnlyForDeploymentPostprocessing = 0;
		};
/* End PBXResourcesBuildPhase section */

/* Begin PBXShellScriptBuildPhase section */
		0B00DEA39759CB66A6A1B0C8 /* [CP] Check Pods Manifest.lock */ = {
			isa = PBXShellScriptBuildPhase;
			buildActionMask = 2147483647;
			files = (
			);
			inputFileListPaths = (
			);
			inputPaths = (
				"${PODS_PODFILE_DIR_PATH}/Podfile.lock",
				"${PODS_ROOT}/Manifest.lock",
			);
			name = "[CP] Check Pods Manifest.lock";
			outputFileListPaths = (
			);
			outputPaths = (
				"$(DERIVED_FILE_DIR)/Pods-PosterrTests-checkManifestLockResult.txt",
			);
			runOnlyForDeploymentPostprocessing = 0;
			shellPath = /bin/sh;
			shellScript = "diff \"${PODS_PODFILE_DIR_PATH}/Podfile.lock\" \"${PODS_ROOT}/Manifest.lock\" > /dev/null\nif [ $? != 0 ] ; then\n    # print error to STDERR\n    echo \"error: The sandbox is not in sync with the Podfile.lock. Run 'pod install' or update your CocoaPods installation.\" >&2\n    exit 1\nfi\n# This output is used by Xcode 'outputs' to avoid re-running this script phase.\necho \"SUCCESS\" > \"${SCRIPT_OUTPUT_FILE_0}\"\n";
			showEnvVarsInLog = 0;
		};
		3DC8CFA1434007DB70B8AEB0 /* [CP] Check Pods Manifest.lock */ = {
			isa = PBXShellScriptBuildPhase;
			buildActionMask = 2147483647;
			files = (
			);
			inputFileListPaths = (
			);
			inputPaths = (
				"${PODS_PODFILE_DIR_PATH}/Podfile.lock",
				"${PODS_ROOT}/Manifest.lock",
			);
			name = "[CP] Check Pods Manifest.lock";
			outputFileListPaths = (
			);
			outputPaths = (
				"$(DERIVED_FILE_DIR)/Pods-Posterr-checkManifestLockResult.txt",
			);
			runOnlyForDeploymentPostprocessing = 0;
			shellPath = /bin/sh;
			shellScript = "diff \"${PODS_PODFILE_DIR_PATH}/Podfile.lock\" \"${PODS_ROOT}/Manifest.lock\" > /dev/null\nif [ $? != 0 ] ; then\n    # print error to STDERR\n    echo \"error: The sandbox is not in sync with the Podfile.lock. Run 'pod install' or update your CocoaPods installation.\" >&2\n    exit 1\nfi\n# This output is used by Xcode 'outputs' to avoid re-running this script phase.\necho \"SUCCESS\" > \"${SCRIPT_OUTPUT_FILE_0}\"\n";
			showEnvVarsInLog = 0;
		};
/* End PBXShellScriptBuildPhase section */

/* Begin PBXSourcesBuildPhase section */
		7674550728B6FBEA00CC1F21 /* Sources */ = {
			isa = PBXSourcesBuildPhase;
			buildActionMask = 2147483647;
			files = (
				7674556F28B705BA00CC1F21 /* DependencyGraph.swift in Sources */,
				76A29CFF28B9037500B0AC61 /* PSTextViewDelegate.swift in Sources */,
				7674557F28B804BC00CC1F21 /* Extension+UIImage.swift in Sources */,
				76A29D1028B96F4900B0AC61 /* PSHomeTableViewCell.swift in Sources */,
				76A29D1C28B9ABE700B0AC61 /* PSLinkedMessageViewDelegate.swift in Sources */,
				7674558428B8072300CC1F21 /* Extension+UIView.swift in Sources */,
				7674558A28B82A4400CC1F21 /* RequestProtocol.swift in Sources */,
				767455C928B847C500CC1F21 /* PutUserInformationUseCase.swift in Sources */,
				7674555828B7021200CC1F21 /* PSUserProfileViewController.swift in Sources */,
				767455CB28B847CB00CC1F21 /* PutUserInformationUseCaseEntity.swift in Sources */,
				7674557D28B8048C00CC1F21 /* Extension+UIColor.swift in Sources */,
				767455C728B847B800CC1F21 /* PostFeedMessageUseCaseEntity.swift in Sources */,
				76A29D1528B97DA500B0AC61 /* PSFeedMessageView.swift in Sources */,
				7674556528B7022800CC1F21 /* PSHomeProtocol.swift in Sources */,
				76A29D0A28B9575400B0AC61 /* PSHomeDataView.swift in Sources */,
				76A29D1A28B9A58D00B0AC61 /* PSLinkedMessageView.swift in Sources */,
				7674559028B82AA900CC1F21 /* NetworkOperationError.swift in Sources */,
				76A29D0C28B9575F00B0AC61 /* PSHomeErrorView.swift in Sources */,
				7674557928B70C3800CC1F21 /* FlowController.swift in Sources */,
				767455B128B83C7700CC1F21 /* PSFontStyle.swift in Sources */,
				767455BB28B8478A00CC1F21 /* GetUserInformationUseCase.swift in Sources */,
				7674555A28B7021200CC1F21 /* PSUserProfileProtocol.swift in Sources */,
				767455BD28B8479000CC1F21 /* GetUserInformationUseCaseProtocol.swift in Sources */,
				767455C328B847AB00CC1F21 /* PostFeedMessageUseCaseProtocol.swift in Sources */,
				7674556428B7022800CC1F21 /* PSHomeViewController.swift in Sources */,
				767455D628B863E900CC1F21 /* PSTextView.swift in Sources */,
				7674559828B831B700CC1F21 /* FeedRequest.swift in Sources */,
				7674558E28B82A9F00CC1F21 /* NetworkOperationProtocol.swift in Sources */,
				7674557528B705F500CC1F21 /* ScenesFactory.swift in Sources */,
				7674556028B7021D00CC1F21 /* PSUserProfileViewProtocol.swift in Sources */,
				76A29CFD28B902E300B0AC61 /* PSCircularButtonViewDelegate.swift in Sources */,
				7674556828B7022E00CC1F21 /* PSHomeViewEntity.swift in Sources */,
				767455C128B847A500CC1F21 /* PostFeedMessageUseCase.swift in Sources */,
				767455D428B863E200CC1F21 /* PSCircularButtonView.swift in Sources */,
				7674550F28B6FBEA00CC1F21 /* AppDelegate.swift in Sources */,
				7674555928B7021200CC1F21 /* PSUserProfileViewModel.swift in Sources */,
				767455CD28B847D200CC1F21 /* PutUserInformationUseCaseProtocol.swift in Sources */,
				7674555F28B7021D00CC1F21 /* PSUserProfileView.swift in Sources */,
				7674551128B6FBEA00CC1F21 /* SceneDelegate.swift in Sources */,
				767455BF28B8479A00CC1F21 /* GetUserInformationUseCaseResponse.swift in Sources */,
				767455A928B83B3800CC1F21 /* PSFontSize.swift in Sources */,
				76A29D1728B9973900B0AC61 /* PSHomeTableIsMeViewCell.swift in Sources */,
				76A29D0E28B9579200B0AC61 /* PSHomeLoadView.swift in Sources */,
				767455C528B847B100CC1F21 /* PostFeedMessageUseCaseResponse.swift in Sources */,
				7674557128B705C900CC1F21 /* FoudationAssembly.swift in Sources */,
				7674559228B82AB200CC1F21 /* NetworkOperation.swift in Sources */,
				7674557728B705FC00CC1F21 /* ScenesFactoryProtocol.swift in Sources */,
				767455A628B83AC100CC1F21 /* PSMetrics.swift in Sources */,
				7674556C28B7023300CC1F21 /* PSHomeView.swift in Sources */,
				7674555C28B7021800CC1F21 /* PSUserProfileViewEntity.swift in Sources */,
				7674559428B82AC500CC1F21 /* NetworkOperationDefaultParameters.swift in Sources */,
				7674557328B705DC00CC1F21 /* ScenesAssembly.swift in Sources */,
				767455CF28B847D900CC1F21 /* PutUserInformationUseCaseResponse.swift in Sources */,
				7674556B28B7023300CC1F21 /* PSHomeViewProtocol.swift in Sources */,
				76A29D1228B9731600B0AC61 /* Extension+NSObject.swift in Sources */,
				767455B928B8476F00CC1F21 /* GetFeedMessageUseCaseProtocol.swift in Sources */,
				76A29D1E28B9ADFC00B0AC61 /* PSHomeViewNewMessageEntity.swift in Sources */,
				767455B328B8475800CC1F21 /* GetFeedMessageUseCase.swift in Sources */,
				7674558C28B82A4E00CC1F21 /* NetworkingRequestMethod.swift in Sources */,
				767455AF28B83BEA00CC1F21 /* Extension+UIFont.swift in Sources */,
				7674556628B7022800CC1F21 /* PSHomeViewModel.swift in Sources */,
				767455B528B8475E00CC1F21 /* GetFeedMessageUseCaseResponse.swift in Sources */,
			);
			runOnlyForDeploymentPostprocessing = 0;
		};
		7674551D28B6FBEC00CC1F21 /* Sources */ = {
			isa = PBXSourcesBuildPhase;
			buildActionMask = 2147483647;
			files = (
				7674552628B6FBEC00CC1F21 /* PosterrTests.swift in Sources */,
			);
			runOnlyForDeploymentPostprocessing = 0;
		};
/* End PBXSourcesBuildPhase section */

/* Begin PBXTargetDependency section */
		7674552328B6FBEC00CC1F21 /* PBXTargetDependency */ = {
			isa = PBXTargetDependency;
			target = 7674550A28B6FBEA00CC1F21 /* Posterr */;
			targetProxy = 7674552228B6FBEC00CC1F21 /* PBXContainerItemProxy */;
		};
/* End PBXTargetDependency section */

/* Begin PBXVariantGroup section */
		76A29D0428B9550000B0AC61 /* Localizable.strings */ = {
			isa = PBXVariantGroup;
			children = (
				76A29D0528B9550000B0AC61 /* pt-BR */,
			);
			name = Localizable.strings;
			sourceTree = "<group>";
		};
/* End PBXVariantGroup section */

/* Begin XCBuildConfiguration section */
		7674553328B6FBEC00CC1F21 /* Debug */ = {
			isa = XCBuildConfiguration;
			buildSettings = {
				ALWAYS_SEARCH_USER_PATHS = NO;
				CLANG_ANALYZER_NONNULL = YES;
				CLANG_ANALYZER_NUMBER_OBJECT_CONVERSION = YES_AGGRESSIVE;
				CLANG_CXX_LANGUAGE_STANDARD = "gnu++17";
				CLANG_ENABLE_MODULES = YES;
				CLANG_ENABLE_OBJC_ARC = YES;
				CLANG_ENABLE_OBJC_WEAK = YES;
				CLANG_WARN_BLOCK_CAPTURE_AUTORELEASING = YES;
				CLANG_WARN_BOOL_CONVERSION = YES;
				CLANG_WARN_COMMA = YES;
				CLANG_WARN_CONSTANT_CONVERSION = YES;
				CLANG_WARN_DEPRECATED_OBJC_IMPLEMENTATIONS = YES;
				CLANG_WARN_DIRECT_OBJC_ISA_USAGE = YES_ERROR;
				CLANG_WARN_DOCUMENTATION_COMMENTS = YES;
				CLANG_WARN_EMPTY_BODY = YES;
				CLANG_WARN_ENUM_CONVERSION = YES;
				CLANG_WARN_INFINITE_RECURSION = YES;
				CLANG_WARN_INT_CONVERSION = YES;
				CLANG_WARN_NON_LITERAL_NULL_CONVERSION = YES;
				CLANG_WARN_OBJC_IMPLICIT_RETAIN_SELF = YES;
				CLANG_WARN_OBJC_LITERAL_CONVERSION = YES;
				CLANG_WARN_OBJC_ROOT_CLASS = YES_ERROR;
				CLANG_WARN_QUOTED_INCLUDE_IN_FRAMEWORK_HEADER = YES;
				CLANG_WARN_RANGE_LOOP_ANALYSIS = YES;
				CLANG_WARN_STRICT_PROTOTYPES = YES;
				CLANG_WARN_SUSPICIOUS_MOVE = YES;
				CLANG_WARN_UNGUARDED_AVAILABILITY = YES_AGGRESSIVE;
				CLANG_WARN_UNREACHABLE_CODE = YES;
				CLANG_WARN__DUPLICATE_METHOD_MATCH = YES;
				COPY_PHASE_STRIP = NO;
				DEBUG_INFORMATION_FORMAT = dwarf;
				ENABLE_STRICT_OBJC_MSGSEND = YES;
				ENABLE_TESTABILITY = YES;
				GCC_C_LANGUAGE_STANDARD = gnu11;
				GCC_DYNAMIC_NO_PIC = NO;
				GCC_NO_COMMON_BLOCKS = YES;
				GCC_OPTIMIZATION_LEVEL = 0;
				GCC_PREPROCESSOR_DEFINITIONS = (
					"DEBUG=1",
					"$(inherited)",
				);
				GCC_WARN_64_TO_32_BIT_CONVERSION = YES;
				GCC_WARN_ABOUT_RETURN_TYPE = YES_ERROR;
				GCC_WARN_UNDECLARED_SELECTOR = YES;
				GCC_WARN_UNINITIALIZED_AUTOS = YES_AGGRESSIVE;
				GCC_WARN_UNUSED_FUNCTION = YES;
				GCC_WARN_UNUSED_VARIABLE = YES;
				IPHONEOS_DEPLOYMENT_TARGET = 13.0;
				MTL_ENABLE_DEBUG_INFO = INCLUDE_SOURCE;
				MTL_FAST_MATH = YES;
				ONLY_ACTIVE_ARCH = YES;
				SDKROOT = iphoneos;
				SWIFT_ACTIVE_COMPILATION_CONDITIONS = DEBUG;
				SWIFT_OPTIMIZATION_LEVEL = "-Onone";
			};
			name = Debug;
		};
		7674553428B6FBEC00CC1F21 /* Release */ = {
			isa = XCBuildConfiguration;
			buildSettings = {
				ALWAYS_SEARCH_USER_PATHS = NO;
				CLANG_ANALYZER_NONNULL = YES;
				CLANG_ANALYZER_NUMBER_OBJECT_CONVERSION = YES_AGGRESSIVE;
				CLANG_CXX_LANGUAGE_STANDARD = "gnu++17";
				CLANG_ENABLE_MODULES = YES;
				CLANG_ENABLE_OBJC_ARC = YES;
				CLANG_ENABLE_OBJC_WEAK = YES;
				CLANG_WARN_BLOCK_CAPTURE_AUTORELEASING = YES;
				CLANG_WARN_BOOL_CONVERSION = YES;
				CLANG_WARN_COMMA = YES;
				CLANG_WARN_CONSTANT_CONVERSION = YES;
				CLANG_WARN_DEPRECATED_OBJC_IMPLEMENTATIONS = YES;
				CLANG_WARN_DIRECT_OBJC_ISA_USAGE = YES_ERROR;
				CLANG_WARN_DOCUMENTATION_COMMENTS = YES;
				CLANG_WARN_EMPTY_BODY = YES;
				CLANG_WARN_ENUM_CONVERSION = YES;
				CLANG_WARN_INFINITE_RECURSION = YES;
				CLANG_WARN_INT_CONVERSION = YES;
				CLANG_WARN_NON_LITERAL_NULL_CONVERSION = YES;
				CLANG_WARN_OBJC_IMPLICIT_RETAIN_SELF = YES;
				CLANG_WARN_OBJC_LITERAL_CONVERSION = YES;
				CLANG_WARN_OBJC_ROOT_CLASS = YES_ERROR;
				CLANG_WARN_QUOTED_INCLUDE_IN_FRAMEWORK_HEADER = YES;
				CLANG_WARN_RANGE_LOOP_ANALYSIS = YES;
				CLANG_WARN_STRICT_PROTOTYPES = YES;
				CLANG_WARN_SUSPICIOUS_MOVE = YES;
				CLANG_WARN_UNGUARDED_AVAILABILITY = YES_AGGRESSIVE;
				CLANG_WARN_UNREACHABLE_CODE = YES;
				CLANG_WARN__DUPLICATE_METHOD_MATCH = YES;
				COPY_PHASE_STRIP = NO;
				DEBUG_INFORMATION_FORMAT = "dwarf-with-dsym";
				ENABLE_NS_ASSERTIONS = NO;
				ENABLE_STRICT_OBJC_MSGSEND = YES;
				GCC_C_LANGUAGE_STANDARD = gnu11;
				GCC_NO_COMMON_BLOCKS = YES;
				GCC_WARN_64_TO_32_BIT_CONVERSION = YES;
				GCC_WARN_ABOUT_RETURN_TYPE = YES_ERROR;
				GCC_WARN_UNDECLARED_SELECTOR = YES;
				GCC_WARN_UNINITIALIZED_AUTOS = YES_AGGRESSIVE;
				GCC_WARN_UNUSED_FUNCTION = YES;
				GCC_WARN_UNUSED_VARIABLE = YES;
				IPHONEOS_DEPLOYMENT_TARGET = 13.0;
				MTL_ENABLE_DEBUG_INFO = NO;
				MTL_FAST_MATH = YES;
				SDKROOT = iphoneos;
				SWIFT_COMPILATION_MODE = wholemodule;
				SWIFT_OPTIMIZATION_LEVEL = "-O";
				VALIDATE_PRODUCT = YES;
			};
			name = Release;
		};
		7674553628B6FBEC00CC1F21 /* Debug */ = {
			isa = XCBuildConfiguration;
			baseConfigurationReference = 148EDCD6E90DD60650804B61 /* Pods-Posterr.debug.xcconfig */;
			buildSettings = {
				ASSETCATALOG_COMPILER_APPICON_NAME = AppIcon;
				ASSETCATALOG_COMPILER_GLOBAL_ACCENT_COLOR_NAME = AccentColor;
				CODE_SIGN_STYLE = Automatic;
				CURRENT_PROJECT_VERSION = 1;
				DEVELOPMENT_TEAM = 22YGM83NY4;
				GENERATE_INFOPLIST_FILE = YES;
				INFOPLIST_FILE = Posterr/App/Info.plist;
				INFOPLIST_KEY_NSMainNibFile = Main;
				INFOPLIST_KEY_UIApplicationSupportsIndirectInputEvents = YES;
				INFOPLIST_KEY_UILaunchStoryboardName = Main;
				INFOPLIST_KEY_UISupportedInterfaceOrientations = UIInterfaceOrientationPortrait;
				INFOPLIST_KEY_UISupportedInterfaceOrientations_iPad = "UIInterfaceOrientationPortrait UIInterfaceOrientationPortraitUpsideDown UIInterfaceOrientationLandscapeLeft UIInterfaceOrientationLandscapeRight";
				INFOPLIST_KEY_UISupportedInterfaceOrientations_iPhone = "UIInterfaceOrientationPortrait UIInterfaceOrientationLandscapeLeft UIInterfaceOrientationLandscapeRight";
				IPHONEOS_DEPLOYMENT_TARGET = 13.0;
				LD_RUNPATH_SEARCH_PATHS = (
					"$(inherited)",
					"@executable_path/Frameworks",
				);
				MARKETING_VERSION = 1.0;
				PRODUCT_BUNDLE_IDENTIFIER = br.carvalho.lucas.Posterr;
				PRODUCT_NAME = "$(TARGET_NAME)";
				SWIFT_EMIT_LOC_STRINGS = YES;
				SWIFT_VERSION = 5.0;
				TARGETED_DEVICE_FAMILY = "1,2";
			};
			name = Debug;
		};
		7674553728B6FBEC00CC1F21 /* Release */ = {
			isa = XCBuildConfiguration;
			baseConfigurationReference = DDE7193FA7BE69730662D366 /* Pods-Posterr.release.xcconfig */;
			buildSettings = {
				ASSETCATALOG_COMPILER_APPICON_NAME = AppIcon;
				ASSETCATALOG_COMPILER_GLOBAL_ACCENT_COLOR_NAME = AccentColor;
				CODE_SIGN_STYLE = Automatic;
				CURRENT_PROJECT_VERSION = 1;
				DEVELOPMENT_TEAM = 22YGM83NY4;
				GENERATE_INFOPLIST_FILE = YES;
				INFOPLIST_FILE = Posterr/App/Info.plist;
				INFOPLIST_KEY_NSMainNibFile = Main;
				INFOPLIST_KEY_UIApplicationSupportsIndirectInputEvents = YES;
				INFOPLIST_KEY_UILaunchStoryboardName = Main;
				INFOPLIST_KEY_UISupportedInterfaceOrientations = UIInterfaceOrientationPortrait;
				INFOPLIST_KEY_UISupportedInterfaceOrientations_iPad = "UIInterfaceOrientationPortrait UIInterfaceOrientationPortraitUpsideDown UIInterfaceOrientationLandscapeLeft UIInterfaceOrientationLandscapeRight";
				INFOPLIST_KEY_UISupportedInterfaceOrientations_iPhone = "UIInterfaceOrientationPortrait UIInterfaceOrientationLandscapeLeft UIInterfaceOrientationLandscapeRight";
				IPHONEOS_DEPLOYMENT_TARGET = 13.0;
				LD_RUNPATH_SEARCH_PATHS = (
					"$(inherited)",
					"@executable_path/Frameworks",
				);
				MARKETING_VERSION = 1.0;
				PRODUCT_BUNDLE_IDENTIFIER = br.carvalho.lucas.Posterr;
				PRODUCT_NAME = "$(TARGET_NAME)";
				SWIFT_EMIT_LOC_STRINGS = YES;
				SWIFT_VERSION = 5.0;
				TARGETED_DEVICE_FAMILY = "1,2";
			};
			name = Release;
		};
		7674553928B6FBEC00CC1F21 /* Debug */ = {
			isa = XCBuildConfiguration;
			baseConfigurationReference = 06123743F12346F5C922E47C /* Pods-PosterrTests.debug.xcconfig */;
			buildSettings = {
				ALWAYS_EMBED_SWIFT_STANDARD_LIBRARIES = YES;
				BUNDLE_LOADER = "$(TEST_HOST)";
				CODE_SIGN_STYLE = Automatic;
				CURRENT_PROJECT_VERSION = 1;
				DEVELOPMENT_TEAM = 22YGM83NY4;
				GENERATE_INFOPLIST_FILE = YES;
				IPHONEOS_DEPLOYMENT_TARGET = 13.0;
				MARKETING_VERSION = 1.0;
				PRODUCT_BUNDLE_IDENTIFIER = br.carvalho.lucas.PosterrTests;
				PRODUCT_NAME = "$(TARGET_NAME)";
				SWIFT_EMIT_LOC_STRINGS = NO;
				SWIFT_VERSION = 5.0;
				TARGETED_DEVICE_FAMILY = "1,2";
				TEST_HOST = "$(BUILT_PRODUCTS_DIR)/Posterr.app/Posterr";
			};
			name = Debug;
		};
		7674553A28B6FBEC00CC1F21 /* Release */ = {
			isa = XCBuildConfiguration;
			baseConfigurationReference = 260B56FC0E836241988A9B39 /* Pods-PosterrTests.release.xcconfig */;
			buildSettings = {
				ALWAYS_EMBED_SWIFT_STANDARD_LIBRARIES = YES;
				BUNDLE_LOADER = "$(TEST_HOST)";
				CODE_SIGN_STYLE = Automatic;
				CURRENT_PROJECT_VERSION = 1;
				DEVELOPMENT_TEAM = 22YGM83NY4;
				GENERATE_INFOPLIST_FILE = YES;
				IPHONEOS_DEPLOYMENT_TARGET = 13.0;
				MARKETING_VERSION = 1.0;
				PRODUCT_BUNDLE_IDENTIFIER = br.carvalho.lucas.PosterrTests;
				PRODUCT_NAME = "$(TARGET_NAME)";
				SWIFT_EMIT_LOC_STRINGS = NO;
				SWIFT_VERSION = 5.0;
				TARGETED_DEVICE_FAMILY = "1,2";
				TEST_HOST = "$(BUILT_PRODUCTS_DIR)/Posterr.app/Posterr";
			};
			name = Release;
		};
/* End XCBuildConfiguration section */

/* Begin XCConfigurationList section */
		7674550628B6FBEA00CC1F21 /* Build configuration list for PBXProject "Posterr" */ = {
			isa = XCConfigurationList;
			buildConfigurations = (
				7674553328B6FBEC00CC1F21 /* Debug */,
				7674553428B6FBEC00CC1F21 /* Release */,
			);
			defaultConfigurationIsVisible = 0;
			defaultConfigurationName = Release;
		};
		7674553528B6FBEC00CC1F21 /* Build configuration list for PBXNativeTarget "Posterr" */ = {
			isa = XCConfigurationList;
			buildConfigurations = (
				7674553628B6FBEC00CC1F21 /* Debug */,
				7674553728B6FBEC00CC1F21 /* Release */,
			);
			defaultConfigurationIsVisible = 0;
			defaultConfigurationName = Release;
		};
		7674553828B6FBEC00CC1F21 /* Build configuration list for PBXNativeTarget "PosterrTests" */ = {
			isa = XCConfigurationList;
			buildConfigurations = (
				7674553928B6FBEC00CC1F21 /* Debug */,
				7674553A28B6FBEC00CC1F21 /* Release */,
			);
			defaultConfigurationIsVisible = 0;
			defaultConfigurationName = Release;
		};
/* End XCConfigurationList section */
	};
	rootObject = 7674550328B6FBEA00CC1F21 /* Project object */;
}
